{
  "version": 1,
  "dependencies": {
    "net10.0": {
      "coverlet.collector": {
        "type": "Direct",
        "requested": "[10.0.1, )",
        "resolved": "10.0.1",
        "contentHash": "27jXSV/0DbVqF5jDrAxuQFZ9oaz6gmG03p8ttxAFk+X0M4woFYj7MoWDLCna5EGLb0CE6OE7X6ZH3Wt5smTtaA=="
      },
      "Microsoft.CodeAnalysis.NetAnalyzers": {
        "type": "Direct",
        "requested": "[10.0.302, )",
        "resolved": "10.0.302",
        "contentHash": "mbJSf5EOYkgnPQ0jO0qo4AByQYDGbBZDs0+23xdkK2ckuvYJGlPT1nPR0WCSnzwXdiVypOTZ4ArcT4H/X/f1mQ=="
      },
      "Microsoft.NET.Test.Sdk": {
        "type": "Direct",
        "requested": "[18.8.1, )",
        "resolved": "18.8.1",
        "contentHash": "dknJL3/9Y3t4XuCBqnc0PevPxgLsUMmVhjwup/b1HNovA8zWcj3XsfIf7c6p05363DWcqL7X/YhDL9B+Zymv1w==",
        "dependencies": {
          "Microsoft.CodeCoverage": "18.8.1",
          "Microsoft.TestPlatform.TestHost": "18.8.1"
        }
      },
      "Microsoft.SourceLink.GitHub": {
        "type": "Direct",
        "requested": "[10.0.301, )",
        "resolved": "10.0.301",
        "contentHash": "S9U9Ye2bylMeDkzdNh+TsbRUNr6rkBORrnXDk45maPIxVvTmHV1SN2/qtZ/6yO7cdWmQv1LHv77yIeG6Q3nvMQ==",
        "dependencies": {
          "Microsoft.Build.Tasks.Git": "10.0.301",
          "Microsoft.SourceLink.Common": "10.0.301",
          "System.IO.Hashing": "10.0.10"
        }
      },
      "MinVer": {
        "type": "Direct",
        "requested": "[7.0.0, )",
        "resolved": "7.0.0",
        "contentHash": "2lMTCQl5bGP4iv0JNkockPnyllC6eHLz+CoK2ICvalvHod+exXSxueu9hq+zNkU7bZBJf8wMfeRC/Edn8AGmEg=="
      },
      "xunit": {
        "type": "Direct",
        "requested": "[2.9.3, )",
        "resolved": "2.9.3",
        "contentHash": "TlXQBinK35LpOPKHAqbLY4xlEen9TBafjs0V5KnA4wZsoQLQJiirCR4CbIXvOH8NzkW4YeJKP5P/Bnrodm0h9Q==",
        "dependencies": {
          "xunit.analyzers": "1.18.0",
          "xunit.assert": "2.9.3",
          "xunit.core": "[2.9.3]"
        }
      },
      "xunit.runner.console": {
        "type": "Direct",
        "requested": "[2.9.3, )",
        "resolved": "2.9.3",
        "contentHash": "und5dhnsamWN02uVAJeORz4Ny2FK5pxVuchFa416pI7y8rjZxfuiSrvZRUFHNVIVtT7cibOm66bsZHLw5jSSkw=="
      },
      "xunit.runner.visualstudio": {
        "type": "Direct",
        "requested": "[3.1.5, )",
        "resolved": "3.1.5",
        "contentHash": "tKi7dSTwP4m5m9eXPM2Ime4Kn7xNf4x4zT9sdLO/G4hZVnQCRiMTWoSZqI/pYTVeI27oPPqHBKYI/DjJ9GsYgA=="
      },
      "AspNetCore.HealthChecks.ApplicationStatus": {
        "type": "Transitive",
        "resolved": "9.0.0",
        "contentHash": "wKHuIu066q1Aa3hHLFFP/ZHaTutTaGn4zHY5v1TVTRu/WfRR/QUPDajipsC655Y1uwPE9wZ8Fu7n4lOBG/nOpw==",
        "dependencies": {
          "Microsoft.Extensions.Diagnostics.HealthChecks": "8.0.11"
        }
      },
      "ESCd.Extensions.Http": {
        "type": "Transitive",
        "resolved": "1.1.12",
        "contentHash": "Ghx+5IJt5uIs44VTDmWBqanCZM7Y0iNpxcb5wtjW1khl4GmtpY9B4J/OTP05c0Bez1P0m+O0lFf+jgZUvidRSA==",
        "dependencies": {
          "Microsoft.Extensions.Http": "10.0.10",
          "Microsoft.Extensions.ObjectPool": "10.0.10",
          "Microsoft.IO.RecyclableMemoryStream": "3.0.1"
        }
      },
      "Humanizer": {
        "type": "Transitive",
        "resolved": "3.0.10",
        "contentHash": "13+6RiWdpVCzSn2SSEd1hAIr/UHScNdLCUhRgjvI60UcD5u3vXu3u1/Z+74OcHWum1itjiBTjYXgJKQna1jTgw==",
        "dependencies": {
          "Humanizer.Core.af": "3.0.10",
          "Humanizer.Core.ar": "3.0.10",
          "Humanizer.Core.az": "3.0.10",
          "Humanizer.Core.bg": "3.0.10",
          "Humanizer.Core.bn": "3.0.10",
          "Humanizer.Core.ca": "3.0.10",
          "Humanizer.Core.cs": "3.0.10",
          "Humanizer.Core.da": "3.0.10",
          "Humanizer.Core.de": "3.0.10",
          "Humanizer.Core.el": "3.0.10",
          "Humanizer.Core.es": "3.0.10",
          "Humanizer.Core.fa": "3.0.10",
          "Humanizer.Core.fi": "3.0.10",
          "Humanizer.Core.fil": "3.0.10",
          "Humanizer.Core.fr": "3.0.10",
          "Humanizer.Core.he": "3.0.10",
          "Humanizer.Core.hr": "3.0.10",
          "Humanizer.Core.hu": "3.0.10",
          "Humanizer.Core.hy": "3.0.10",
          "Humanizer.Core.id": "3.0.10",
          "Humanizer.Core.is": "3.0.10",
          "Humanizer.Core.it": "3.0.10",
          "Humanizer.Core.ja": "3.0.10",
          "Humanizer.Core.ko": "3.0.10",
          "Humanizer.Core.ku": "3.0.10",
          "Humanizer.Core.lb": "3.0.10",
          "Humanizer.Core.lt": "3.0.10",
          "Humanizer.Core.lv": "3.0.10",
          "Humanizer.Core.ms": "3.0.10",
          "Humanizer.Core.mt": "3.0.10",
          "Humanizer.Core.nb": "3.0.10",
          "Humanizer.Core.nl": "3.0.10",
          "Humanizer.Core.pl": "3.0.10",
          "Humanizer.Core.pt": "3.0.10",
          "Humanizer.Core.pt-BR": "3.0.10",
          "Humanizer.Core.ro": "3.0.10",
          "Humanizer.Core.ru": "3.0.10",
          "Humanizer.Core.sk": "3.0.10",
          "Humanizer.Core.sl": "3.0.10",
          "Humanizer.Core.sr": "3.0.10",
          "Humanizer.Core.sr-Latn": "3.0.10",
          "Humanizer.Core.sv": "3.0.10",
          "Humanizer.Core.th": "3.0.10",
          "Humanizer.Core.tr": "3.0.10",
          "Humanizer.Core.uk": "3.0.10",
          "Humanizer.Core.uz-Cyrl-UZ": "3.0.10",
          "Humanizer.Core.uz-Latn-UZ": "3.0.10",
          "Humanizer.Core.vi": "3.0.10",
          "Humanizer.Core.zh-CN": "3.0.10",
          "Humanizer.Core.zh-Hans": "3.0.10",
          "Humanizer.Core.zh-Hant": "3.0.10"
        }
      },
      "Humanizer.Core": {
        "type": "Transitive",
        "resolved": "3.0.10",
        "contentHash": "yZIhtw8sYuvsONzQbZxWpR60tMWYHXoo0DL6nyOqSFiU5POjBTSEyWFpTQtJEZuy+oqiYTXKXY/Mjx7KnqIQFw=="
      },
      "Humanizer.Core.af": {
        "type": "Transitive",
        "resolved": "3.0.10",
        "contentHash": "jIpC73aOXfhqGEnpFKgO2AJ2Esb2t40c/cKqR+RgK1yg1bcBZBuhtjs+PrAIHf5Lp7Znd4teLjCGDS5ut8O1cw==",
        "dependencies": {
          "Humanizer.Core": "[3.0.10]"
        }
      },
      "Humanizer.Core.ar": {
        "type": "Transitive",
        "resolved": "3.0.10",
        "contentHash": "LdDeLE9nmlqbl14RinjII0v8APKZKUqJEClILvdLAoUEdv8UhgsHhDX2BHJKZv2aNfCnb19z9otE8Ffaa11Sow==",
        "dependencies": {
          "Humanizer.Core": "[3.0.10]"
        }
      },
      "Humanizer.Core.az": {
        "type": "Transitive",
        "resolved": "3.0.10",
        "contentHash": "+tfsgP5PkTY5mpx7t0rpMVVNXJQMcRkFSsWtnPpntuC/z7I8GS68CBcsHItw5/qbTJxWRY/cLPe/Psxh/SjEkA==",
        "dependencies": {
          "Humanizer.Core": "[3.0.10]"
        }
      },
      "Humanizer.Core.bg": {
        "type": "Transitive",
        "resolved": "3.0.10",
        "contentHash": "xBQMDuLOjmj1U0h39tv7B39vmVZXBbRUcy3xkHBKHAyuRoxskDJ3F1LUOOw1/E41+dGQziAe2I0EVukwvQ/h0g==",
        "dependencies": {
          "Humanizer.Core": "[3.0.10]"
        }
      },
      "Humanizer.Core.bn": {
        "type": "Transitive",
        "resolved": "3.0.10",
        "contentHash": "U5Li886U/hPdhMxyN9P3eF5dlB15sT/w4F3NOioXsaTQxnJKdxUKglRHiGbakX+aSrsFGok1MoQwVcH7Sac1Lg==",
        "dependencies": {
          "Humanizer.Core": "[3.0.10]"
        }
      },
      "Humanizer.Core.ca": {
        "type": "Transitive",
        "resolved": "3.0.10",
        "contentHash": "D29T+OWcYG4rlOXKwAGpNNrwLgE44oE1JYqlNuNs3lVYmTDEgItyT+SfjG2TXuTQXkpQLzsxfRjqtA/APygjgw==",
        "dependencies": {
          "Humanizer.Core": "[3.0.10]"
        }
      },
      "Humanizer.Core.cs": {
        "type": "Transitive",
        "resolved": "3.0.10",
        "contentHash": "kaG0//ULYkyB8Rk4g5PgC2o8jrmG2joc8lgtyDzCiFCaobr0jgUn393JAIB0JUygbngEIfA0PMK3fLbMXcBNLQ==",
        "dependencies": {
          "Humanizer.Core": "[3.0.10]"
        }
      },
      "Humanizer.Core.da": {
        "type": "Transitive",
        "resolved": "3.0.10",
        "contentHash": "/MCePoHsSaRo03I1NSRut5iUzhYRIKL+UncbtpN8AZ3Vl0TOu0Psi9/6QyjD4gLLx45puiXB2S0lUjCdYmlP7w==",
        "dependencies": {
          "Humanizer.Core": "[3.0.10]"
        }
      },
      "Humanizer.Core.de": {
        "type": "Transitive",
        "resolved": "3.0.10",
        "contentHash": "UoJk/DmAOFZivuMulLoB52Pn5iFvSqurF7qQQAyUAz1/IUZjxkoeoiI5mMILEjVeGoQJqrylt6O+f8johCo0Bg==",
        "dependencies": {
          "Humanizer.Core": "[3.0.10]"
        }
      },
      "Humanizer.Core.el": {
        "type": "Transitive",
        "resolved": "3.0.10",
        "contentHash": "5oIHs25LMm1IBrhcxOYYLTFHZQfBaqgKxm0jAkYmsxedpDZkv1k+BHs2D5Kg1672/ZhTs4jsLbqYNXkHm671vw==",
        "dependencies": {
          "Humanizer.Core": "[3.0.10]"
        }
      },
      "Humanizer.Core.es": {
        "type": "Transitive",
        "resolved": "3.0.10",
        "contentHash": "epxhWWQJ/I610mJGTfQPTocjp7/xCIH6tiREVIlHb/sA1kDAD1zHQcHI+HgWFzn/LzzbVg99y8HVFFHUvjnfXA==",
        "dependencies": {
          "Humanizer.Core": "[3.0.10]"
        }
      },
      "Humanizer.Core.fa": {
        "type": "Transitive",
        "resolved": "3.0.10",
        "contentHash": "9BEFCpbWoUdq2JnLbkohqBfpjjdeMqFhkhCNk3qYmutZwSxuZHrCozppY14SSWI6b6qD1Veb3rVyHGz9Fex5AA==",
        "dependencies": {
          "Humanizer.Core": "[3.0.10]"
        }
      },
      "Humanizer.Core.fi": {
        "type": "Transitive",
        "resolved": "3.0.10",
        "contentHash": "9Nbbxs1WZH2Li6Q28tZC06Y0mXwmIGnCEO/2nRzHvTqf07153frndezl5ads4uX8mNs+hMnUGUsr03IsFhI3jQ==",
        "dependencies": {
          "Humanizer.Core": "[3.0.10]"
        }
      },
      "Humanizer.Core.fil": {
        "type": "Transitive",
        "resolved": "3.0.10",
        "contentHash": "zpUvc+riMHZ2QGYETwnaDiT4Y4fHv2/Ctpi8Nm5SujNmOuxQyQMEAcalbUqWaLjzfTcysKqlU/NkiNP86kGlCA==",
        "dependencies": {
          "Humanizer.Core": "[3.0.10]"
        }
      },
      "Humanizer.Core.fr": {
        "type": "Transitive",
        "resolved": "3.0.10",
        "contentHash": "k+STDkiJVeO/nA5s0/GeBdwZI17D9KgqyYA4XGxfGxtFACwbFyVKQLWLzlIR2BsrT53EkyKLAzuFJ9FCT2CyfQ==",
        "dependencies": {
          "Humanizer.Core": "[3.0.10]"
        }
      },
      "Humanizer.Core.he": {
        "type": "Transitive",
        "resolved": "3.0.10",
        "contentHash": "4WIzAg5hocnbnzaTnueYW/BRhCrQoPg/0U6WiUC4BJKGJDuVYbqIa8iVcHqhr7vVKd5ngFbhSsXuCgkYqOMaXQ==",
        "dependencies": {
          "Humanizer.Core": "[3.0.10]"
        }
      },
      "Humanizer.Core.hr": {
        "type": "Transitive",
        "resolved": "3.0.10",
        "contentHash": "USin9T/FsHjmxvaolEXgL6FOdw+1Juh7geqcjTvJRCdoo/U4Y/usoAiZRbFtDA//1od4yqSxEbmj+F16nKwbkQ==",
        "dependencies": {
          "Humanizer.Core": "[3.0.10]"
        }
      },
      "Humanizer.Core.hu": {
        "type": "Transitive",
        "resolved": "3.0.10",
        "contentHash": "Umon7VBTVDs8QFDqNzGm6MBD+43UZJoN44htW/+iJUDF2gl8K8meRup27Dkl2zvewW3ynZic/xwP2hTDaPjIjw==",
        "dependencies": {
          "Humanizer.Core": "[3.0.10]"
        }
      },
      "Humanizer.Core.hy": {
        "type": "Transitive",
        "resolved": "3.0.10",
        "contentHash": "PzdcqQMwyDYO81PYbzBf+gFMj+wzOYF3kz3mlJCcBX5mSmNRpLIwB2s6PC9OiNN/Y/ya1orHV/z0OY9j7NFc5Q==",
        "dependencies": {
          "Humanizer.Core": "[3.0.10]"
        }
      },
      "Humanizer.Core.id": {
        "type": "Transitive",
        "resolved": "3.0.10",
        "contentHash": "rMb9jvglGeeUxb6Z4EkXTg+et1Ri3DWZjlXs2WFle1Qpu39zWWF0l9rh9PQJb0fzeiZ8jOjiUhUI9lRnoAHHCQ==",
        "dependencies": {
          "Humanizer.Core": "[3.0.10]"
        }
      },
      "Humanizer.Core.is": {
        "type": "Transitive",
        "resolved": "3.0.10",
        "contentHash": "xnNgWY9azqXyclRYmy3D6kgnbdCcPFBAEN4yNdhu2IN10p7Y2T9YUw5R9jLWo5+NGM2uzbbyTxPGf4+9YYUc1w==",
        "dependencies": {
          "Humanizer.Core": "[3.0.10]"
        }
      },
      "Humanizer.Core.it": {
        "type": "Transitive",
        "resolved": "3.0.10",
        "contentHash": "iCrKxOX6q/PZgEk3vYyU1fHC0jnq0hiq7nwWXiuV7uF5VypOxwVeao3vkE6MLoNKW7RQN/TbP06n1TOqyhTA7A==",
        "dependencies": {
          "Humanizer.Core": "[3.0.10]"
        }
      },
      "Humanizer.Core.ja": {
        "type": "Transitive",
        "resolved": "3.0.10",
        "contentHash": "UicfcXwMibwWN3jLesdk702IRQVndgBUqueFr3iXVEn2POue06pHInSIruxNaPTscaNdGKxXZiIiJrN7pCVO9Q==",
        "dependencies": {
          "Humanizer.Core": "[3.0.10]"
        }
      },
      "Humanizer.Core.ko": {
        "type": "Transitive",
        "resolved": "3.0.10",
        "contentHash": "Zr/GwEilhAcmeiDxVKqr79ZK/SEpHfhKzXD15JZ1NpsfYnIfNAN/9i0o535UaadaDDT6EIVpkoGIYAGuYQ0Z4g==",
        "dependencies": {
          "Humanizer.Core": "[3.0.10]"
        }
      },
      "Humanizer.Core.ku": {
        "type": "Transitive",
        "resolved": "3.0.10",
        "contentHash": "j5Qm+CY+c8onfjO1O+TReCDg/epCYdfv5N5LNB+Ydcmn06gkR4HvbWJnk5UFLVHz8NMPmtCrv7CYwmPJ0+lJqw==",
        "dependencies": {
          "Humanizer.Core": "[3.0.10]"
        }
      },
      "Humanizer.Core.lb": {
        "type": "Transitive",
        "resolved": "3.0.10",
        "contentHash": "5lpkw49T6MQ7Gwa0k2JV4cw6aH5FdT1Ku1nfGeey/iScajHDV9mvdxjkxRZpFAhJ5W/5yCtMlHH992LpXFJkeA==",
        "dependencies": {
          "Humanizer.Core": "[3.0.10]"
        }
      },
      "Humanizer.Core.lt": {
        "type": "Transitive",
        "resolved": "3.0.10",
        "contentHash": "1OO4XZ/74tt5nkxYHnpj+ti1w0HdeMGi+AHR59asxcJ3A/iTDZR4RNRIvoj1MdYRe0HdTUjtnGXfA7tXXOkiYg==",
        "dependencies": {
          "Humanizer.Core": "[3.0.10]"
        }
      },
      "Humanizer.Core.lv": {
        "type": "Transitive",
        "resolved": "3.0.10",
        "contentHash": "S4RN1q/saAQxlFlRRUnmi3Oz+mIXRqWtIRZJA3VrvMmBy12cXIdpeY0+d+HCA58WXpI2diOrWxHq9KPUDPunIw==",
        "dependencies": {
          "Humanizer.Core": "[3.0.10]"
        }
      },
      "Humanizer.Core.ms": {
        "type": "Transitive",
        "resolved": "3.0.10",
        "contentHash": "m0+BJa9vG0GeuAWhmdmMxdUUa1cfGjyHZQeJoeivqxJrrtdUUFekXH0xbpvI3ErC8qu5Ufpmfnr6QAX0WQfkIw==",
        "dependencies": {
          "Humanizer.Core": "[3.0.10]"
        }
      },
      "Humanizer.Core.mt": {
        "type": "Transitive",
        "resolved": "3.0.10",
        "contentHash": "8GfXTko/iweepZHcUcOANreClfvTeCDfSuiMxLtFbUZQOBegLZ6VnTVun2gVtv5OANdOk64qhqUKIVLq2rG0rw==",
        "dependencies": {
          "Humanizer.Core": "[3.0.10]"
        }
      },
      "Humanizer.Core.nb": {
        "type": "Transitive",
        "resolved": "3.0.10",
        "contentHash": "UcdV9TWXG2MFVEkqHy8oD2ZbuFhFPLY7ScCJKWBu7OsgInyuHZe72hHP/i52T0FAgiVbrB+Urd3uoWiUT7hP9Q==",
        "dependencies": {
          "Humanizer.Core": "[3.0.10]"
        }
      },
      "Humanizer.Core.nl": {
        "type": "Transitive",
        "resolved": "3.0.10",
        "contentHash": "b+Y1CFId1ucl33OvNITID0eEVesOKiw/dmrcDJ4Z/P9KEuMTeE8aKu5/iSjwtPVV+SagaMx9XzZe7kVYyRqhuQ==",
        "dependencies": {
          "Humanizer.Core": "[3.0.10]"
        }
      },
      "Humanizer.Core.pl": {
        "type": "Transitive",
        "resolved": "3.0.10",
        "contentHash": "LJCt3+dGUQhopQ/1w/zzBNlUHtjkdrt57zS+llMQeFm+1u0e3R+lWJx4zP+hqZcpRA7armR38KghvRSz+bYBbg==",
        "dependencies": {
          "Humanizer.Core": "[3.0.10]"
        }
      },
      "Humanizer.Core.pt": {
        "type": "Transitive",
        "resolved": "3.0.10",
        "contentHash": "+cggEy6W08xD8GU45/EaMfvNQMCd7K1G7hprSPty/9zIoM3OzaajdMA/Oxrb0mHIKpARxCNbQ29ltOtip3MTNA==",
        "dependencies": {
          "Humanizer.Core": "[3.0.10]"
        }
      },
      "Humanizer.Core.pt-BR": {
        "type": "Transitive",
        "resolved": "3.0.10",
        "contentHash": "kbhwn4G+STHUT9cLDdrP60+ZFla4lTg6def+FTnhpMS4JHf8ll0TL1kz9Nj5DTJFdqnvs8/eYfmVhnEegyBjBw==",
        "dependencies": {
          "Humanizer.Core": "[3.0.10]"
        }
      },
      "Humanizer.Core.ro": {
        "type": "Transitive",
        "resolved": "3.0.10",
        "contentHash": "JwdY+SywNIDrFcWKyiZsgsSJkIleoAXAtCLYiLn+CNCk+135VwhchZHm5B9nNvpLjGVaP5Y0ouZQ8xTx1oeZag==",
        "dependencies": {
          "Humanizer.Core": "[3.0.10]"
        }
      },
      "Humanizer.Core.ru": {
        "type": "Transitive",
        "resolved": "3.0.10",
        "contentHash": "1vXr7pkV0zSZF6ENJUadsAagubrBAvTPHPgdgttHlMhUQ1Zz9ZWTJaQdmf2RCen4YywMmfsQQZiGqJl52LVT8Q==",
        "dependencies": {
          "Humanizer.Core": "[3.0.10]"
        }
      },
      "Humanizer.Core.sk": {
        "type": "Transitive",
        "resolved": "3.0.10",
        "contentHash": "LD93nJw1zwXuC+LSw3+02Jk02bdAoENHzb/qrMoGBf70XeV2rBeoxSyJBVLHQ00RZfwNSy6TCTXQyagESVmN+Q==",
        "dependencies": {
          "Humanizer.Core": "[3.0.10]"
        }
      },
      "Humanizer.Core.sl": {
        "type": "Transitive",
        "resolved": "3.0.10",
        "contentHash": "utURJ8K/tnbA5KXlKcT8T+35MEVdZrXUvu2tH+T6M9xxJ1MhLGuFWnc687pcsLdpaLnGB7ZVwrAITlueAE+KGA==",
        "dependencies": {
          "Humanizer.Core": "[3.0.10]"
        }
      },
      "Humanizer.Core.sr": {
        "type": "Transitive",
        "resolved": "3.0.10",
        "contentHash": "e2bVzUAjEpxjFdLVmXZL9EsdVojlV/8GMwZzwDS6OByfG+PP5JxemKylK6FoUK5X2IBPNg68LOvn72WgwaruIQ==",
        "dependencies": {
          "Humanizer.Core": "[3.0.10]"
        }
      },
      "Humanizer.Core.sr-Latn": {
        "type": "Transitive",
        "resolved": "3.0.10",
        "contentHash": "VXPlm+eg5sraDhZ50WGiMZMvj4I2d+0VAy8cNaLLXNt+EgkUz646dRfg5HrQPPjtBbegj6o7gcg8Xl6z0ke+hA==",
        "dependencies": {
          "Humanizer.Core": "[3.0.10]"
        }
      },
      "Humanizer.Core.sv": {
        "type": "Transitive",
        "resolved": "3.0.10",
        "contentHash": "COq4bbUKk7F1jfE2sC/ZmomoQqX0Herwe1iXZyDl5zyw21mUY9wL96S1qbRmRp15UmGzFJdqBPdnd58P7kVMyg==",
        "dependencies": {
          "Humanizer.Core": "[3.0.10]"
        }
      },
      "Humanizer.Core.th": {
        "type": "Transitive",
        "resolved": "3.0.10",
        "contentHash": "8A4lZCLE6bEPYdQKeGfPBHDgAsY30TWWdjoWA1+vAfLA9Ip1l2Ons+Ngw4npkcoI3qdCidU6hWOsFnPfJ8ZufQ==",
        "dependencies": {
          "Humanizer.Core": "[3.0.10]"
        }
      },
      "Humanizer.Core.tr": {
        "type": "Transitive",
        "resolved": "3.0.10",
        "contentHash": "aRAxq1VyuIVoFdx8TZyVsRoDk0yqe9NATjhGgWHPsdR8TVHnuiyXeEbiXf846870VteyLJL9tVy3jaj2rC45tw==",
        "dependencies": {
          "Humanizer.Core": "[3.0.10]"
        }
      },
      "Humanizer.Core.uk": {
        "type": "Transitive",
        "resolved": "3.0.10",
        "contentHash": "NPnGZ1jdoMDYGrsHt5aLlj7Ambp7i5ER/5BbtjBSegn3+PliMbd4Eftr1Ind4qvCU6rTP2a9lUqBoRd+hSVA+g==",
        "dependencies": {
          "Humanizer.Core": "[3.0.10]"
        }
      },
      "Humanizer.Core.uz-Cyrl-UZ": {
        "type": "Transitive",
        "resolved": "3.0.10",
        "contentHash": "8NSyuiTlCfse1ki9QeO35IpZLcxoMlSMGvEY892aw9CNGaDMROQjFzf1iKJkWTyB9atrHHPuWlasBAFk2QkT9w==",
        "dependencies": {
          "Humanizer.Core": "[3.0.10]"
        }
      },
      "Humanizer.Core.uz-Latn-UZ": {
        "type": "Transitive",
        "resolved": "3.0.10",
        "contentHash": "FaSETkwfUiDU/RHlD54xbBKEZXnFIUnTNTnA5ZYXgDOiMmX6cY7vyRDmI1YpQtO+QR1irSettpLFpHeysslnpA==",
        "dependencies": {
          "Humanizer.Core": "[3.0.10]"
        }
      },
      "Humanizer.Core.vi": {
        "type": "Transitive",
        "resolved": "3.0.10",
        "contentHash": "Uz5gph//0eNP0Ta1tqdKDyghiUnZdW0aVW4MK/poD5hLEH1qLoDTWuTb8gxj3F8GvSFjgVmF9HZGQx5cO06N8Q==",
        "dependencies": {
          "Humanizer.Core": "[3.0.10]"
        }
      },
      "Humanizer.Core.zh-CN": {
        "type": "Transitive",
        "resolved": "3.0.10",
        "contentHash": "7veG4JdZ4OeYNlgci/6I/Xf9G/iCljBcwsbLVyGaqdia+2UMAp1iGu+MCs3zKOmEvcb4ipHGFkwT5d/2WfEevA==",
        "dependencies": {
          "Humanizer.Core": "[3.0.10]"
        }
      },
      "Humanizer.Core.zh-Hans": {
        "type": "Transitive",
        "resolved": "3.0.10",
        "contentHash": "z8E2R0QL43NB6m8ntQaL1cONMjudoIJXvMQUFXG4OaKp5iyYqWs6FMC2B7x2rLxOynpsxoq5AQ/8BO0pMdfZrw==",
        "dependencies": {
          "Humanizer.Core": "[3.0.10]"
        }
      },
      "Humanizer.Core.zh-Hant": {
        "type": "Transitive",
        "resolved": "3.0.10",
        "contentHash": "KI5Nv82v9diPBxcBAwIAvZQHjSrDy7He0atnzdZghS+QchHwlkPKhTyEzVSbOZdD42RxCX1ArMiL864A2iw34Q==",
        "dependencies": {
          "Humanizer.Core": "[3.0.10]"
        }
      },
      "libdave": {
        "type": "Transitive",
        "resolved": "1.1.1.7",
        "contentHash": "4wsvf1BydrUdhheq6X9CDJxDUyksNndnDUqlcqD/QnUDXafGkILmpnNNpdfCnZBp1tWqezVpKLlh/ibihCEnpg=="
      },
      "libopus": {
        "type": "Transitive",
        "resolved": "1.6.1.3",
        "contentHash": "yLiFGxs9u/xQiHCdXRiruyRweZME7IFdgoLKONGQPmFIWgTZjlr0svWTpRxqWZ5w01ieZ/NMPji5gWGvAiP7Hw=="
      },
      "libsodium.nativeaot": {
        "type": "Transitive",
        "resolved": "1.0.22.1",
        "contentHash": "ZTPAuMzhJCqVeOTDO63gbDWKta6LHFA/3kygRLeOWZZGag2NhnVN0YNm4iMT9wQBBO/knnti5ZjRYnGkfsy1yA=="
      },
      "Microsoft.Build.Tasks.Git": {
        "type": "Transitive",
        "resolved": "10.0.301",
        "contentHash": "9Tah8f2BYuXlff9nIsJAeQJcqnijJTXNraIcTOF2f/f9kLmg0HNWPlMemnD6FBLd/UQcE0s9Vze2zCkA6nrZAA==",
        "dependencies": {
          "System.IO.Hashing": "10.0.10"
        }
      },
      "Microsoft.CodeCoverage": {
        "type": "Transitive",
        "resolved": "18.8.1",
        "contentHash": "Eclse/ZZjr4lmWzZFNN9h/OluhKL+SK/QbUyKUewgX139aGeyMEO/DkMPwuFs2MixvanTnz6891rF8UHDg+W4Q=="
      },
      "Microsoft.Extensions.AmbientMetadata.Application": {
        "type": "Transitive",
        "resolved": "10.8.0",
        "contentHash": "/FYCIyhRLrDwIg29tB/21/Rp7XMaEP/gWR5Cxyi4GgWcN/v/XXUpU52yhQux0s2SQy1Z0C1wnhptCMvLaaT45Q==",
        "dependencies": {
          "Microsoft.Extensions.Configuration": "10.0.10",
          "Microsoft.Extensions.Hosting.Abstractions": "10.0.10",
          "Microsoft.Extensions.Options.ConfigurationExtensions": "10.0.10"
        }
      },
      "Microsoft.Extensions.Compliance.Abstractions": {
        "type": "Transitive",
        "resolved": "10.8.0",
        "contentHash": "7I0DXMTCqpXpXg+SLLDlfedtv6DN5Lgiv+PR3MclzqKPOHNB17YP42KMNI61ckSrffh0xsuIqQyCIjvWc6vUuw==",
        "dependencies": {
          "Microsoft.Extensions.DependencyInjection.Abstractions": "10.0.10",
          "Microsoft.Extensions.ObjectPool": "10.0.10"
        }
      },
      "Microsoft.Extensions.Configuration": {
        "type": "Transitive",
        "resolved": "10.0.10",
        "contentHash": "plJWK2zpWuuyxI8F8s2scx6Je7N1Ajjs6HvYUGKwRnDMWIVIz9FHwAkiT7ASgrvAOd10T0FPVlh9BzAJJME+jg==",
        "dependencies": {
          "Microsoft.Extensions.Configuration.Abstractions": "10.0.10",
          "Microsoft.Extensions.Primitives": "10.0.10"
        }
      },
      "Microsoft.Extensions.Configuration.Abstractions": {
        "type": "Transitive",
        "resolved": "10.0.10",
        "contentHash": "5Vnd2I75DmZCVEjSynIdJ/0EGafgnLQwgR3t2C2/fkjx/nRG+cLwxLLdInoHeCEpkD5K4Ov/g9ZCRYrl4TRsaA==",
        "dependencies": {
          "Microsoft.Extensions.Primitives": "10.0.10"
        }
      },
      "Microsoft.Extensions.Configuration.Binder": {
        "type": "Transitive",
        "resolved": "10.0.10",
        "contentHash": "GqmN2o1CkJvk7uWp+p4CwBYW0w/zfoEbvsiFDbO2G8l1Uz+mrDAbAcZiXhU2lufKPby1cjAUdd5GTWpebYOkOA==",
        "dependencies": {
          "Microsoft.Extensions.Configuration": "10.0.10",
          "Microsoft.Extensions.Configuration.Abstractions": "10.0.10"
        }
      },
      "Microsoft.Extensions.Configuration.EnvironmentVariables": {
        "type": "Transitive",
        "resolved": "10.0.0",
        "contentHash": "TmFegsI/uCdwMBD4yKpmO+OkjVNHQL49Dh/ep83NI5rPUEoBK9OdsJo1zURc1A2FuS/R/Pos3wsTjlyLnguBLA==",
        "dependencies": {
          "Microsoft.Extensions.Configuration": "10.0.0",
          "Microsoft.Extensions.Configuration.Abstractions": "10.0.0"
        }
      },
      "Microsoft.Extensions.DependencyInjection": {
        "type": "Transitive",
        "resolved": "10.0.10",
        "contentHash": "ANyvsgkNBRvcJh2XLgn8veGmajf+8m0AbKK+HPWdRL1yraSNVVSmQhFntLtdz/C795jxqqup+k05cs/3jZQPOA==",
        "dependencies": {
          "Microsoft.Extensions.DependencyInjection.Abstractions": "10.0.10"
        }
      },
      "Microsoft.Extensions.DependencyInjection.Abstractions": {
        "type": "Transitive",
        "resolved": "10.0.10",
        "contentHash": "z/2xXlFw2aLGjHyEm6E0tQ+In6VfzQzTrtArbQ2c0TQE16ZbyDCMGPvaUT9I0s8rgy9sRWlU2P9waW37qV04qA=="
      },
      "Microsoft.Extensions.DependencyInjection.AutoActivation": {
        "type": "Transitive",
        "resolved": "10.8.0",
        "contentHash": "LXwOAsnrflu2ln+Bxj7y3Zc/Pn4HquCCRzW81oOIuRsM8F75TxwA/ZpSFZ5E1+YkVpndz7BcHY4ThFSjjA4vbQ==",
        "dependencies": {
          "Microsoft.Extensions.Hosting.Abstractions": "10.0.10"
        }
      },
      "Microsoft.Extensions.Diagnostics": {
        "type": "Transitive",
        "resolved": "10.0.10",
        "contentHash": "Kr/e7lUf4+N8tacbqJ2Ctwe/HarKdAc9ZkgKVVqvtJDBKbez+T/KnUwu82KSlnBp/SrpBcxc7u7xkE2oUZT/5Q==",
        "dependencies": {
          "Microsoft.Extensions.Configuration": "10.0.10",
          "Microsoft.Extensions.Diagnostics.Abstractions": "10.0.10",
          "Microsoft.Extensions.Options.ConfigurationExtensions": "10.0.10"
        }
      },
      "Microsoft.Extensions.Diagnostics.Abstractions": {
        "type": "Transitive",
        "resolved": "10.0.10",
        "contentHash": "9uWiKpeOVac355STyChWR/pliFX/5CeLqChW9kKsaxyDH4EUTZxMkT4Jwp/J/peLm0GBFmSX5c0WCse3yCnq1Q==",
        "dependencies": {
          "Microsoft.Extensions.DependencyInjection.Abstractions": "10.0.10",
          "Microsoft.Extensions.Options": "10.0.10"
        }
      },
      "Microsoft.Extensions.Diagnostics.ExceptionSummarization": {
        "type": "Transitive",
        "resolved": "10.8.0",
        "contentHash": "tXmzwQeWgiycaLOtvSFnz0TPkJxXTyZrkwSVPTr83FgSiMj3BD/8eIbvrpGi5rzc2AgfKyegKo1ntJlJFey1Zg==",
        "dependencies": {
          "Microsoft.Extensions.DependencyInjection.Abstractions": "10.0.10"
        }
      },
      "Microsoft.Extensions.Diagnostics.HealthChecks": {
        "type": "Transitive",
        "resolved": "8.0.11",
        "contentHash": "zLgN22Zp9pk8RHlwssRTexw4+a6wqOnKWN+VejdPn5Yhjql4XiBhkFo35Nu8mmqHIk/UEmmCnMGLWq75aFfkOw==",
        "dependencies": {
          "Microsoft.Extensions.Diagnostics.HealthChecks.Abstractions": "8.0.11",
          "Microsoft.Extensions.Hosting.Abstractions": "8.0.1",
          "Microsoft.Extensions.Logging.Abstractions": "8.0.2",
          "Microsoft.Extensions.Options": "8.0.2"
        }
      },
      "Microsoft.Extensions.Diagnostics.HealthChecks.Abstractions": {
        "type": "Transitive",
        "resolved": "8.0.11",
        "contentHash": "So3JUdRxozRjvQ3cxU6F3nI/i4emDnjane6yMYcJhvTTTu29ltlIdoXjkFGRceIWz8yKvuEpzXItZ0x5GvN2nQ=="
      },
      "Microsoft.Extensions.Features": {
        "type": "Transitive",
        "resolved": "10.0.10",
        "contentHash": "4Zdm7n1vxXAXpHOhGQVpGd5KCdcI1EWk66ilgdrDt2I+928ND+u/F+EVrzYi9pmRR+XeAE47kjuVEmkP0b0mBw=="
      },
      "Microsoft.Extensions.FileProviders.Abstractions": {
        "type": "Transitive",
        "resolved": "10.0.10",
        "contentHash": "c5zqFCY9DiIpMovLd7/d/CTiEtrMOuQ639dhv3PABtKQIKNQikSHwQt8+N679uii9q+B55lgK28Uv64FOwEu8w==",
        "dependencies": {
          "Microsoft.Extensions.Primitives": "10.0.10"
        }
      },
      "Microsoft.Extensions.Hosting.Abstractions": {
        "type": "Transitive",
        "resolved": "10.0.10",
        "contentHash": "5LugpYGHk+mkn0a8IZgcyfBca8PCTAU9RQFoMrTdtOOidq88M2SI5f3px6ugnzgxC+eTkvYYJi8pzlUnG5xdAQ==",
        "dependencies": {
          "Microsoft.Extensions.Configuration.Abstractions": "10.0.10",
          "Microsoft.Extensions.DependencyInjection.Abstractions": "10.0.10",
          "Microsoft.Extensions.Diagnostics.Abstractions": "10.0.10",
          "Microsoft.Extensions.FileProviders.Abstractions": "10.0.10",
          "Microsoft.Extensions.Logging.Abstractions": "10.0.10"
        }
      },
      "Microsoft.Extensions.Http": {
        "type": "Transitive",
        "resolved": "10.0.10",
        "contentHash": "DuEBLw2y7ZBfilnaJtlge8f2M49932v43t7j1InceXVjcZzxNrSEkobYXdgZkXuPFnFbKcbWpAS+fZgYEW1BhA==",
        "dependencies": {
          "Microsoft.Extensions.Configuration.Abstractions": "10.0.10",
          "Microsoft.Extensions.DependencyInjection.Abstractions": "10.0.10",
          "Microsoft.Extensions.Diagnostics": "10.0.10",
          "Microsoft.Extensions.Logging": "10.0.10",
          "Microsoft.Extensions.Logging.Abstractions": "10.0.10",
          "Microsoft.Extensions.Options": "10.0.10"
        }
      },
      "Microsoft.Extensions.Http.Diagnostics": {
        "type": "Transitive",
        "resolved": "10.8.0",
        "contentHash": "2pYnolFkigH7N6A5WHdGx93iZ8dIhrBnu4ZkjvB6RwbHzYmIy/iXVe12pdrViNDdeBSmKZ5FA9YP/xhwLT7q7A==",
        "dependencies": {
          "Microsoft.Extensions.Http": "10.0.10",
          "Microsoft.Extensions.Telemetry": "10.8.0"
        }
      },
      "Microsoft.Extensions.Http.Resilience": {
        "type": "Transitive",
        "resolved": "10.8.0",
        "contentHash": "XtbZyYVxSNn1Aj2Z0PA8yauS12hPszTWDZ3GtZ5Vww7Ai3d8Pm841jMBnTvoTf1t9mRf3eSB38V5KUWxH6/4oQ==",
        "dependencies": {
          "Microsoft.Extensions.Http.Diagnostics": "10.8.0",
          "Microsoft.Extensions.ObjectPool": "10.0.10",
          "Microsoft.Extensions.Resilience": "10.8.0"
        }
      },
      "Microsoft.Extensions.Logging": {
        "type": "Transitive",
        "resolved": "10.0.10",
        "contentHash": "Tf6z5HsL0VDYRTfvsoNrTGHGheCwkTsZBA2FFh5ATJUbkAwug+FFNISJK2gjpUNemlAOoWllAK52HOWCjto3EQ==",
        "dependencies": {
          "Microsoft.Extensions.DependencyInjection": "10.0.10",
          "Microsoft.Extensions.Logging.Abstractions": "10.0.10",
          "Microsoft.Extensions.Options": "10.0.10"
        }
      },
      "Microsoft.Extensions.Logging.Abstractions": {
        "type": "Transitive",
        "resolved": "10.0.10",
        "contentHash": "zkFxGYUvdxAvIKTyXHrmW+Sux53D4SezD9dMyZ6hrwwzPQJNuwCRy1f5W7AvYTqacEGhWF2XderRQG1OvbV8og==",
        "dependencies": {
          "Microsoft.Extensions.DependencyInjection.Abstractions": "10.0.10"
        }
      },
      "Microsoft.Extensions.Logging.Configuration": {
        "type": "Transitive",
        "resolved": "10.0.10",
        "contentHash": "cLrqxkuEfcilZ8SjK+9KAnpLk9lOoMPaOokF+wRUYie+iUEcdX4/p/+gJkt0BYgWLthjpBUCkVTBI6Kxg0nsOw==",
        "dependencies": {
          "Microsoft.Extensions.Configuration": "10.0.10",
          "Microsoft.Extensions.Configuration.Abstractions": "10.0.10",
          "Microsoft.Extensions.Configuration.Binder": "10.0.10",
          "Microsoft.Extensions.DependencyInjection.Abstractions": "10.0.10",
          "Microsoft.Extensions.Logging": "10.0.10",
          "Microsoft.Extensions.Logging.Abstractions": "10.0.10",
          "Microsoft.Extensions.Options": "10.0.10",
          "Microsoft.Extensions.Options.ConfigurationExtensions": "10.0.10"
        }
      },
      "Microsoft.Extensions.ObjectPool": {
        "type": "Transitive",
        "resolved": "10.0.10",
        "contentHash": "Tx0R6PY9MNSh0mDKSxbpHLuuec93IxF1cel+1ithQnMNr/vbfLSSHOQHGHIppAJCGfPcEo/wO1Ylj+QpXtzo3A=="
      },
      "Microsoft.Extensions.Options": {
        "type": "Transitive",
        "resolved": "10.0.10",
        "contentHash": "srnhnk7nE8krBiIXp71LvBmKBtraBONWSRzdjJgRv1Ko9Mp8IVNqv4vIS9hGeVteBig8aQkva9ZG+sC+o5sVcA==",
        "dependencies": {
          "Microsoft.Extensions.DependencyInjection.Abstractions": "10.0.10",
          "Microsoft.Extensions.Primitives": "10.0.10"
        }
      },
      "Microsoft.Extensions.Options.ConfigurationExtensions": {
        "type": "Transitive",
        "resolved": "10.0.10",
        "contentHash": "tnBmu/LwF25ZQK+HBNCu2xrwnkKoB/XEbJyooGGoYxHrhvxbSKi7eOFiJ4AXBy/QU4vtCvCJfoi8k9Ej72qzOQ==",
        "dependencies": {
          "Microsoft.Extensions.Configuration.Abstractions": "10.0.10",
          "Microsoft.Extensions.Configuration.Binder": "10.0.10",
          "Microsoft.Extensions.DependencyInjection.Abstractions": "10.0.10",
          "Microsoft.Extensions.Options": "10.0.10",
          "Microsoft.Extensions.Primitives": "10.0.10"
        }
      },
      "Microsoft.Extensions.Options.DataAnnotations": {
        "type": "Transitive",
        "resolved": "10.0.9",
        "contentHash": "+GfvpicDQRYgQ5P3kjfzkiH+w4FlABL6xwmQ+EDE0Oc7E9haPV4oyqbstPlWPdwamF7u1ts6hzaVKqNptDEwGA==",
        "dependencies": {
          "Microsoft.Extensions.DependencyInjection.Abstractions": "10.0.9",
          "Microsoft.Extensions.Options": "10.0.9"
        }
      },
      "Microsoft.Extensions.Primitives": {
        "type": "Transitive",
        "resolved": "10.0.10",
        "contentHash": "5wu/GrYVd8mG2DVUw3vFJzF+O336TyTGg/Kmcgw9bfwYhCoFiV5lR5QeEmKecJyrW4W54nMfD3p3589E8a7czQ=="
      },
      "Microsoft.Extensions.Resilience": {
        "type": "Transitive",
        "resolved": "10.8.0",
        "contentHash": "RH/gv0ZcCnQ3d30lxb8+T2o661TwZq/K5eMwp488goQLX1QYqWN3i8L8XlN9DhrqP2Zcf0EtsWaKpJO3yHDUTw==",
        "dependencies": {
          "Microsoft.Extensions.Diagnostics": "10.0.10",
          "Microsoft.Extensions.Diagnostics.ExceptionSummarization": "10.8.0",
          "Microsoft.Extensions.Options.ConfigurationExtensions": "10.0.10",
          "Microsoft.Extensions.Telemetry.Abstractions": "10.8.0",
          "Polly.Extensions": "8.4.2",
          "Polly.RateLimiting": "8.4.2"
        }
      },
      "Microsoft.Extensions.ServiceDiscovery": {
        "type": "Transitive",
        "resolved": "10.8.0",
        "contentHash": "OflwReySDxjF/zVe2mo0ZqmZjVVPCJ68CoT91CG+j+gjeK4nByslvr8LFd7DcOs2VKHZZsKxfIejcysjEMG3Ng==",
        "dependencies": {
          "Microsoft.Extensions.Http": "10.0.10",
          "Microsoft.Extensions.ServiceDiscovery.Abstractions": "10.8.0"
        }
      },
      "Microsoft.Extensions.ServiceDiscovery.Abstractions": {
        "type": "Transitive",
        "resolved": "10.8.0",
        "contentHash": "FR1eyZTR6W6Ura43aQ+Kpcogb7aS4EAsMh8sMfOyZHx0PUBzmooIni/GvJBpXjgBUboWCgoDrdbLwCmN7DxHCA==",
        "dependencies": {
          "Microsoft.Extensions.Configuration.Abstractions": "10.0.10",
          "Microsoft.Extensions.Configuration.Binder": "10.0.10",
          "Microsoft.Extensions.DependencyInjection.Abstractions": "10.0.10",
          "Microsoft.Extensions.Features": "10.0.10",
          "Microsoft.Extensions.Logging.Abstractions": "10.0.10",
          "Microsoft.Extensions.Options": "10.0.10",
          "Microsoft.Extensions.Primitives": "10.0.10"
        }
      },
      "Microsoft.Extensions.Telemetry": {
        "type": "Transitive",
        "resolved": "10.8.0",
        "contentHash": "IIWjDZguUJt6yNld9J4V88xuOUzpC76wBwfnRJLRmacmyTTl9jA8+KP5PuHPi7CKz/Vk/q+lQYmobiopuzapzA==",
        "dependencies": {
          "Microsoft.Extensions.AmbientMetadata.Application": "10.8.0",
          "Microsoft.Extensions.DependencyInjection.AutoActivation": "10.8.0",
          "Microsoft.Extensions.Logging.Configuration": "10.0.10",
          "Microsoft.Extensions.ObjectPool": "10.0.10",
          "Microsoft.Extensions.Telemetry.Abstractions": "10.8.0"
        }
      },
      "Microsoft.Extensions.Telemetry.Abstractions": {
        "type": "Transitive",
        "resolved": "10.8.0",
        "contentHash": "XHlOerNKjVrPJqbuFi196tyFhS7eNMoPUC800xJmCGsSiruE/goGoKyBKzS1HeelAGnoFPFrS+LgNitXNeEYRQ==",
        "dependencies": {
          "Microsoft.Extensions.Compliance.Abstractions": "10.8.0",
          "Microsoft.Extensions.Logging.Abstractions": "10.0.10",
          "Microsoft.Extensions.ObjectPool": "10.0.10",
          "Microsoft.Extensions.Options": "10.0.10"
        }
      },
      "Microsoft.IO.RecyclableMemoryStream": {
        "type": "Transitive",
        "resolved": "3.0.1",
        "contentHash": "s/s20YTVY9r9TPfTrN5g8zPF1YhwxyqO6PxUkrYTGI2B+OGPe9AdajWZrLhFqXIvqIW23fnUE4+ztrUWNU1+9g=="
      },
      "Microsoft.SourceLink.Common": {
        "type": "Transitive",
        "resolved": "10.0.301",
        "contentHash": "oz44EclJdAYVZcRb9dSbWd+6RaE+8a4j5zdE+O7yw5qPRZZhu3pcpDZ/Moy6pLeIXZqBP1FMd8CSE0sgJAGV0g=="
      },
      "Microsoft.TestPlatform.ObjectModel": {
        "type": "Transitive",
        "resolved": "18.8.1",
        "contentHash": "qLbktNB1+b1XZLNJBTzaWVVJAd6PEzD7cgD406geMb6PcFZhp3EDNa1tctWx1+mtMU6MP/6ozVvFPC9vs2a9rw=="
      },
      "Microsoft.TestPlatform.TestHost": {
        "type": "Transitive",
        "resolved": "18.8.1",
        "contentHash": "FaQHPDTUOcE+SFTjssNPfrub2lT9Zyon4J2W/KLHt/efLJACb1TCeWXyOgh0D/4Q1e4n+S3E6mOKud+9nLZlEA==",
        "dependencies": {
          "Microsoft.TestPlatform.ObjectModel": "18.8.1"
        }
      },
      "NetCord": {
        "type": "Transitive",
        "resolved": "1.0.0-beta.11",
        "contentHash": "1mzToSQ3J6wtHt1NirCJ4O9Dt1Ou/G9sSiLrFpub3KwWFpUWZqi/bncjAeCCMymosBYTasbqI+M5r6m/3DoLHg=="
      },
      "NetCord.Hosting": {
        "type": "Transitive",
        "resolved": "1.0.0-beta.11",
        "contentHash": "81v1p+ns7Z/ky822idTHKEGy4tt8trC6MY+hB2i0k0rKqguCsSxo8syXMNlvksYBk+TLiQzJgHkfQ+aA+VmXJA==",
        "dependencies": {
          "Microsoft.Extensions.Configuration.Binder": "10.0.9",
          "Microsoft.Extensions.Hosting.Abstractions": "10.0.9",
          "Microsoft.Extensions.Options.ConfigurationExtensions": "10.0.9",
          "Microsoft.Extensions.Options.DataAnnotations": "10.0.9",
          "NetCord": "1.0.0-beta.11"
        }
      },
      "NetCord.Hosting.Services": {
        "type": "Transitive",
        "resolved": "1.0.0-beta.11",
        "contentHash": "CddlXv1jf1P89mKut+YwyG1o06hb5GzzXRjU0qA5Dd5sdtYZ4Yo6ne+fqoN61VbMHwBVf97WHJLjBgt479/PhQ==",
        "dependencies": {
          "Microsoft.Extensions.Configuration.Binder": "10.0.9",
          "Microsoft.Extensions.Hosting.Abstractions": "10.0.9",
          "Microsoft.Extensions.Options.ConfigurationExtensions": "10.0.9",
          "Microsoft.Extensions.Options.DataAnnotations": "10.0.9",
          "NetCord.Hosting": "1.0.0-beta.11",
          "NetCord.Services": "1.0.0-beta.11"
        }
      },
      "NetCord.Services": {
        "type": "Transitive",
        "resolved": "1.0.0-beta.11",
        "contentHash": "1sS9ur52Vq7FjL0AROS1DRl9E7bp+9nTilclhdk+Te5zmzBbqQz5Q6nuDt+0VvV9UaanqTAw17KM33zXCbwmeg==",
        "dependencies": {
          "NetCord": "1.0.0-beta.11"
        }
      },
      "Open.ChannelExtensions": {
        "type": "Transitive",
        "resolved": "10.0.0",
        "contentHash": "1g+8OIGZaCb2FQie4kWpuCboKk7tjxnGHR5Mw+zvVSSi8JRN33in1YN+cZB4Og0uYnj23W3ZMUgiX7uDe7qAQw=="
      },
      "OpenTelemetry": {
        "type": "Transitive",
        "resolved": "1.17.0",
        "contentHash": "rMLOTftlMlTm7+MSrvXDHnJRjVkROFNKXHZrYjOsX+LankaFG7QSflx7qRRGjoqZoirohnxmJQ7GEb9occO4Gg==",
        "dependencies": {
          "Microsoft.Extensions.Configuration.EnvironmentVariables": "10.0.0",
          "Microsoft.Extensions.Diagnostics.Abstractions": "10.0.0",
          "Microsoft.Extensions.Logging.Configuration": "10.0.0",
          "OpenTelemetry.Api.ProviderBuilderExtensions": "1.17.0"
        }
      },
      "OpenTelemetry.Api": {
        "type": "Transitive",
        "resolved": "1.17.0",
        "contentHash": "mSBxzomZgHIJu9CyVNqyDu/n2JHEtqVgfcCD1Br0cV5iLYogjZOMqhlVLt99PEp+0KGBNUR3GXgeOdN2GR3F9g=="
      },
      "OpenTelemetry.Api.ProviderBuilderExtensions": {
        "type": "Transitive",
        "resolved": "1.17.0",
        "contentHash": "Xgc3Qf9B9TFMFpx6exTdGqMWuYIT2miNzkdMPutVvT9YuMFaEovXWke1Gb6z8NxYaQbbGF38vYLuSg1JCeui5Q==",
        "dependencies": {
          "Microsoft.Extensions.DependencyInjection.Abstractions": "10.0.0",
          "OpenTelemetry.Api": "1.17.0"
        }
      },
      "OpenTelemetry.Exporter.OpenTelemetryProtocol": {
        "type": "Transitive",
        "resolved": "1.17.0",
        "contentHash": "R1omQOrQpGlS0Cp5UIr/TAiuEA48JrPlgr1NPV5gESiTU7HhWU+ILe2EBSYb1fKdsSavZ7nZkHcUxAzofPqr2A==",
        "dependencies": {
          "OpenTelemetry": "1.17.0"
        }
      },
      "OpenTelemetry.Extensions.Hosting": {
        "type": "Transitive",
        "resolved": "1.17.0",
        "contentHash": "t1OwL/4qgboGMobYVT+UV5zgWnFqCp4Pw8lcsmzh8m2K8PQsTKkyxrC32tqYTMYny3GOW4q5cltE3dTVzLmRew==",
        "dependencies": {
          "Microsoft.Extensions.Hosting.Abstractions": "10.0.0",
          "OpenTelemetry": "1.17.0"
        }
      },
      "OpenTelemetry.Instrumentation.AspNetCore": {
        "type": "Transitive",
        "resolved": "1.17.0",
        "contentHash": "rGbmk1vuy1kvgZmE0ps7Vb99YZvDap6AalrrF60FwnNit1uW/PbeFZj1cpb0T8MPkYmjhBrRJ1/JB6QqXkRjHA==",
        "dependencies": {
          "OpenTelemetry.Api.ProviderBuilderExtensions": "[1.17.0, 2.0.0)"
        }
      },
      "OpenTelemetry.Instrumentation.EventCounters": {
        "type": "Transitive",
        "resolved": "1.17.0-alpha.1",
        "contentHash": "SCwnJfBRhE6ehCholMenZLvdOVWkDQ4fWq4n2GKbx2sUUwDCHidbs8eOywUDPJTmaz8sljiUDq/JPuf9MLnJbQ==",
        "dependencies": {
          "OpenTelemetry.Api": "[1.17.0, 2.0.0)"
        }
      },
      "OpenTelemetry.Instrumentation.Http": {
        "type": "Transitive",
        "resolved": "1.17.0",
        "contentHash": "uTwVtxIJ/xB96wGYTaDsbkJVeCFdUxTwvrlDUn2YJixy0UuKc8DvQMzwKNJMTzNFiiyYO9c40id6tUHTmWs33A==",
        "dependencies": {
          "Microsoft.Extensions.Configuration": "10.0.0",
          "Microsoft.Extensions.Options": "10.0.0",
          "OpenTelemetry.Api.ProviderBuilderExtensions": "[1.17.0, 2.0.0)"
        }
      },
      "OpenTelemetry.Instrumentation.Runtime": {
        "type": "Transitive",
        "resolved": "1.17.0",
        "contentHash": "HyYenisDn/xdtyVXdjImsCl+RNC2gq01N0rvSR7tsYAylXR2sxX/YgMsyTajMXA27+r1vB7lNU8cWRhV0fwL+Q==",
        "dependencies": {
          "OpenTelemetry.Api": "[1.17.0, 2.0.0)"
        }
      },
      "Polly.Core": {
        "type": "Transitive",
        "resolved": "8.4.2",
        "contentHash": "BpE2I6HBYYA5tF0Vn4eoQOGYTYIK1BlF5EXVgkWGn3mqUUjbXAr13J6fZVbp7Q3epRR8yshacBMlsHMhpOiV3g=="
      },
      "Polly.Extensions": {
        "type": "Transitive",
        "resolved": "8.4.2",
        "contentHash": "GZ9vRVmR0jV2JtZavt+pGUsQ1O1cuRKG7R7VOZI6ZDy9y6RNPvRvXK1tuS4ffUrv8L0FTea59oEuQzgS0R7zSA==",
        "dependencies": {
          "Microsoft.Extensions.Logging.Abstractions": "8.0.0",
          "Microsoft.Extensions.Options": "8.0.0",
          "Polly.Core": "8.4.2"
        }
      },
      "Polly.RateLimiting": {
        "type": "Transitive",
        "resolved": "8.4.2",
        "contentHash": "ehTImQ/eUyO07VYW2WvwSmU9rRH200SKJ/3jku9rOkyWE0A2JxNFmAVms8dSn49QLSjmjFRRSgfNyOgr/2PSmA==",
        "dependencies": {
          "Polly.Core": "8.4.2",
          "System.Threading.RateLimiting": "8.0.0"
        }
      },
      "System.IO.Hashing": {
        "type": "Transitive",
        "resolved": "10.0.10",
        "contentHash": "eE839zyWZD/UBZYzP2lu9fhHX6RWe63/jz3Jxf+JumzO/db+Vc2s7CMiDwxk9ti2NTUft2tdRx31Rw2OjKbecA=="
      },
      "System.Threading.RateLimiting": {
        "type": "Transitive",
        "resolved": "8.0.0",
        "contentHash": "7mu9v0QDv66ar3DpGSZHg9NuNcxDaaAcnMULuZlaTpP9+hwXhrxNGsF5GmLkSHxFdb5bBc1TzeujsRgTrPWi+Q=="
      },
      "Ulid": {
        "type": "Transitive",
        "resolved": "1.4.1",
        "contentHash": "V6crLJ8a29raWeNwxYGfH9RTKA3H0nR0D9LAGzN3KtEsbiiaWkUjDor6OT5Oz7pxCK+NaY2hu2FLoYEOa8oCkA=="
      },
      "xunit.abstractions": {
        "type": "Transitive",
        "resolved": "2.0.3",
        "contentHash": "pot1I4YOxlWjIb5jmwvvQNbTrZ3lJQ+jUGkGjWE3hEFM0l5gOnBWS+H3qsex68s5cO52g+44vpGzhAt+42vwKg=="
      },
      "xunit.analyzers": {
        "type": "Transitive",
        "resolved": "1.18.0",
        "contentHash": "OtFMHN8yqIcYP9wcVIgJrq01AfTxijjAqVDy/WeQVSyrDC1RzBWeQPztL49DN2syXRah8TYnfvk035s7L95EZQ=="
      },
      "xunit.assert": {
        "type": "Transitive",
        "resolved": "2.9.3",
        "contentHash": "/Kq28fCE7MjOV42YLVRAJzRF0WmEqsmflm0cfpMjGtzQ2lR5mYVj1/i0Y8uDAOLczkL3/jArrwehfMD0YogMAA=="
      },
      "xunit.core": {
        "type": "Transitive",
        "resolved": "2.9.3",
        "contentHash": "BiAEvqGvyme19wE0wTKdADH+NloYqikiU0mcnmiNyXaF9HyHmE6sr/3DC5vnBkgsWaE6yPyWszKSPSApWdRVeQ==",
        "dependencies": {
          "xunit.extensibility.core": "[2.9.3]",
          "xunit.extensibility.execution": "[2.9.3]"
        }
      },
      "xunit.extensibility.core": {
        "type": "Transitive",
        "resolved": "2.9.3",
        "contentHash": "kf3si0YTn2a8J8eZNb+zFpwfoyvIrQ7ivNk5ZYA5yuYk1bEtMe4DxJ2CF/qsRgmEnDr7MnW1mxylBaHTZ4qErA==",
        "dependencies": {
          "xunit.abstractions": "2.0.3"
        }
      },
      "xunit.extensibility.execution": {
        "type": "Transitive",
        "resolved": "2.9.3",
        "contentHash": "yMb6vMESlSrE3Wfj7V6cjQ3S4TXdXpRqYeNEI3zsX31uTsGMJjEw6oD5F5u1cHnMptjhEECnmZSsPxB6ChZHDQ==",
        "dependencies": {
          "xunit.extensibility.core": "[2.9.3]"
        }
      },
      "wadio.extensions.icecast": {
        "type": "Project",
        "dependencies": {
          "Microsoft.Extensions.Http.Resilience": "[10.8.0, )"
        }
      },
      "wadio.platform.abstractions": {
        "type": "Project"
      },
      "wadio.platform.api.abstractions": {
        "type": "Project",
        "dependencies": {
          "Wadio.Platform.Abstractions": "[1.0.0, )"
        }
      },
      "wadio.platform.api.client": {
        "type": "Project",
        "dependencies": {
          "ESCd.Extensions.Http": "[1.1.12, )",
          "Microsoft.Extensions.Http.Resilience": "[10.8.0, )",
          "Wadio.Platform.Api.Abstractions": "[1.0.0, )"
        }
      },
      "wadio.platform.discord": {
        "type": "Project",
        "dependencies": {
          "Humanizer": "[3.0.10, )",
          "NetCord": "[1.0.0-beta.11, )",
          "NetCord.Hosting": "[1.0.0-beta.11, )",
          "NetCord.Hosting.Services": "[1.0.0-beta.11, )",
          "Open.ChannelExtensions": "[10.0.0, )",
          "Wadio.Extensions.Icecast": "[1.0.0, )",
          "Wadio.Platform.Abstractions": "[1.0.0, )",
          "Wadio.Platform.Api.Client": "[1.0.0, )",
          "Wadio.Platform.Hosting": "[1.0.0, )",
          "Wadio.Platform.Sampler.Client": "[1.0.0, )",
          "libdave": "[1.1.1.7, )",
          "libopus": "[1.6.1.3, )",
          "libsodium.nativeaot": "[1.0.22.1, )"
        }
      },
      "wadio.platform.hosting": {
        "type": "Project",
        "dependencies": {
          "AspNetCore.HealthChecks.ApplicationStatus": "[9.0.0, )",
          "Microsoft.Extensions.Http.Resilience": "[10.8.0, )",
          "Microsoft.Extensions.ServiceDiscovery": "[10.8.0, )",
          "OpenTelemetry.Exporter.OpenTelemetryProtocol": "[1.17.0, )",
          "OpenTelemetry.Extensions.Hosting": "[1.17.0, )",
          "OpenTelemetry.Instrumentation.AspNetCore": "[1.17.0, )",
          "OpenTelemetry.Instrumentation.EventCounters": "[1.17.0-alpha.1, )",
          "OpenTelemetry.Instrumentation.Http": "[1.17.0, )",
          "OpenTelemetry.Instrumentation.Runtime": "[1.17.0, )",
          "Wadio.Platform.Abstractions": "[1.0.0, )"
        }
      },
      "wadio.platform.sampler.abstractions": {
        "type": "Project",
        "dependencies": {
          "Ulid": "[1.4.1, )"
        }
      },
      "wadio.platform.sampler.client": {
        "type": "Project",
        "dependencies": {
          "ESCd.Extensions.Http": "[1.1.12, )",
          "Microsoft.Extensions.Http.Resilience": "[10.8.0, )",
          "Open.ChannelExtensions": "[10.0.0, )",
          "Wadio.Platform.Abstractions": "[1.0.0, )",
          "Wadio.Platform.Sampler.Abstractions": "[1.0.0, )"
        }
      }
    }
  }
}