{
  "version": 1,
  "dependencies": {
    "net10.0": {
      "ESCd.Extensions.Caching": {
        "type": "Direct",
        "requested": "[1.2.5, )",
        "resolved": "1.2.5",
        "contentHash": "kTgJOcPqF+fOC/cOWXybR6kBDDXWmbI/ZbQN9+su1sRsWqS7rrc6qMaKIqSsJZ1+28DvSxwgGG7NzpK8nCLjVg==",
        "dependencies": {
          "Microsoft.Extensions.Caching.Memory": "10.0.4"
        }
      },
      "ESCd.Extensions.Http": {
        "type": "Direct",
        "requested": "[1.1.6, )",
        "resolved": "1.1.6",
        "contentHash": "QKRtUPhm0JhcM8hkrYcPx1mZ1ub6sezhx48mp9ZHUqP6PCw9k/8ZRzOp9W+bZRxF3Bf868Bem5uXfP0kRm5pOg==",
        "dependencies": {
          "Microsoft.Extensions.Http": "10.0.4",
          "Microsoft.Extensions.ObjectPool": "10.0.4",
          "Microsoft.IO.RecyclableMemoryStream": "3.0.1"
        }
      },
      "Humanizer": {
        "type": "Direct",
        "requested": "[3.0.10, )",
        "resolved": "3.0.10",
        "contentHash": "13+6RiWdpVCzSn2SSEd1hAIr/UHScNdLCUhRgjvI60UcD5u3vXu3u1/Z+74OcHWum1itjiBTjYXgJKQna1jTgw==",
        "dependencies": {
          "Humanizer.Core.af": "3.0.10",
          "Humanizer.Core.ar": "3.0.10",
          "Humanizer.Core.az": "3.0.10",
          "Humanizer.Core.bg": "3.0.10",
          "Humanizer.Core.bn": "3.0.10",
          "Humanizer.Core.ca": "3.0.10",
          "Humanizer.Core.cs": "3.0.10",
          "Humanizer.Core.da": "3.0.10",
          "Humanizer.Core.de": "3.0.10",
          "Humanizer.Core.el": "3.0.10",
          "Humanizer.Core.es": "3.0.10",
          "Humanizer.Core.fa": "3.0.10",
          "Humanizer.Core.fi": "3.0.10",
          "Humanizer.Core.fil": "3.0.10",
          "Humanizer.Core.fr": "3.0.10",
          "Humanizer.Core.he": "3.0.10",
          "Humanizer.Core.hr": "3.0.10",
          "Humanizer.Core.hu": "3.0.10",
          "Humanizer.Core.hy": "3.0.10",
          "Humanizer.Core.id": "3.0.10",
          "Humanizer.Core.is": "3.0.10",
          "Humanizer.Core.it": "3.0.10",
          "Humanizer.Core.ja": "3.0.10",
          "Humanizer.Core.ko": "3.0.10",
          "Humanizer.Core.ku": "3.0.10",
          "Humanizer.Core.lb": "3.0.10",
          "Humanizer.Core.lt": "3.0.10",
          "Humanizer.Core.lv": "3.0.10",
          "Humanizer.Core.ms": "3.0.10",
          "Humanizer.Core.mt": "3.0.10",
          "Humanizer.Core.nb": "3.0.10",
          "Humanizer.Core.nl": "3.0.10",
          "Humanizer.Core.pl": "3.0.10",
          "Humanizer.Core.pt": "3.0.10",
          "Humanizer.Core.pt-BR": "3.0.10",
          "Humanizer.Core.ro": "3.0.10",
          "Humanizer.Core.ru": "3.0.10",
          "Humanizer.Core.sk": "3.0.10",
          "Humanizer.Core.sl": "3.0.10",
          "Humanizer.Core.sr": "3.0.10",
          "Humanizer.Core.sr-Latn": "3.0.10",
          "Humanizer.Core.sv": "3.0.10",
          "Humanizer.Core.th": "3.0.10",
          "Humanizer.Core.tr": "3.0.10",
          "Humanizer.Core.uk": "3.0.10",
          "Humanizer.Core.uz-Cyrl-UZ": "3.0.10",
          "Humanizer.Core.uz-Latn-UZ": "3.0.10",
          "Humanizer.Core.vi": "3.0.10",
          "Humanizer.Core.zh-CN": "3.0.10",
          "Humanizer.Core.zh-Hans": "3.0.10",
          "Humanizer.Core.zh-Hant": "3.0.10"
        }
      },
      "Markdig": {
        "type": "Direct",
        "requested": "[1.1.1, )",
        "resolved": "1.1.1",
        "contentHash": "wACpji8aLjtmghzdancNFRDUH66F2kS8QE0uywUXvLHgfbTD7LPNj7Vx43sTckpEQFtn5YndEoZvGqIHosBzGQ=="
      },
      "Microsoft.AspNetCore.App.Internal.Assets": {
        "type": "Direct",
        "requested": "[10.0.4, )",
        "resolved": "10.0.4",
        "contentHash": "M942X5Vy726SlvFBuoAC4cDczEMlPAFt1mmyFlrkw/QcpdVwVU0DkF4P9JabxX6eWNm9RvaYZHe25FN7oXoxpQ=="
      },
      "Microsoft.AspNetCore.Components.WebAssembly": {
        "type": "Direct",
        "requested": "[10.0.4, )",
        "resolved": "10.0.4",
        "contentHash": "zL6/TfmcmrqN8pn43oCX44bnDs0VdVz174IEMmuBan0wkGVzIO/zAWiOcjP441D2tJJCU+4BadBhWpIo+sH3Og==",
        "dependencies": {
          "Microsoft.AspNetCore.Components.Web": "10.0.4",
          "Microsoft.Extensions.Configuration.Binder": "10.0.4",
          "Microsoft.Extensions.Configuration.Json": "10.0.4",
          "Microsoft.Extensions.Logging": "10.0.4",
          "Microsoft.JSInterop.WebAssembly": "10.0.4"
        }
      },
      "Microsoft.AspNetCore.WebUtilities": {
        "type": "Direct",
        "requested": "[10.0.4, )",
        "resolved": "10.0.4",
        "contentHash": "vW8tuybbbFy0xBGoyDRHi3DRrG7TfenQXk43/Lh3EIco+0rzmyatwE0IErb1O7doSLQqSXT1kSNbcMvQI8X9dA==",
        "dependencies": {
          "Microsoft.Net.Http.Headers": "10.0.4"
        }
      },
      "Microsoft.CodeAnalysis.NetAnalyzers": {
        "type": "Direct",
        "requested": "[10.0.200, )",
        "resolved": "10.0.200",
        "contentHash": "XX6Ks670PQRtJgLQKa+WSC9c0ll4bZJgGa/J/3KPfnjieHLamMA/1qJov+WcD/4cfQA4fHjAebCcGGei4ibSbA=="
      },
      "Microsoft.DotNet.HotReload.WebAssembly.Browser": {
        "type": "Direct",
        "requested": "[10.0.200, )",
        "resolved": "10.0.200",
        "contentHash": "7+FOASnccOSI3JeS9l3Vkjh7+6M8sEHydwuWXNJS7oVTrw4BrGuRcDu4kH91klbZQ0dZ1T15RrbSnDYZeZSxIg=="
      },
      "Microsoft.Extensions.Http.Resilience": {
        "type": "Direct",
        "requested": "[10.4.0, )",
        "resolved": "10.4.0",
        "contentHash": "HbkUsPUC7vLy2TaDbdA9aooW64n9yX4sUppRuiJ1cOzzU1FUW+MVEotm6kYVq6AuUI9xwFSBhRFzA03blmk3VA==",
        "dependencies": {
          "Microsoft.Extensions.Http.Diagnostics": "10.4.0",
          "Microsoft.Extensions.ObjectPool": "10.0.4",
          "Microsoft.Extensions.Resilience": "10.4.0"
        }
      },
      "Microsoft.Extensions.ObjectPool": {
        "type": "Direct",
        "requested": "[10.0.4, )",
        "resolved": "10.0.4",
        "contentHash": "2pufIFOgNl/yWTOoIC9XgBnO9VxgfAjdRCnVwpE2+ICfcroGnjuEAGzJ5lTdZeAe0HvA31vMBWXtcmGB7TOq3g=="
      },
      "Microsoft.NET.ILLink.Tasks": {
        "type": "Direct",
        "requested": "[10.0.4, )",
        "resolved": "10.0.4",
        "contentHash": "CCx8ojW3mOL150/LnP0DK7qpMrJEt6xxNCmJFKoX89v1h0FwpsEHqennowGPYDxp6zIkIO4f9PxynjOeLF+1zw=="
      },
      "Microsoft.NET.Sdk.WebAssembly.Pack": {
        "type": "Direct",
        "requested": "[10.0.4, )",
        "resolved": "10.0.4",
        "contentHash": "6PVJDzxzz2gvKLSWKHNrmmHfoDcTNJixKMHXDf2Ztv8bvpLiIsDe4QahFvnVcWtZ74nIlaOKU2sR+nYk+/K2bg=="
      },
      "Microsoft.SourceLink.GitHub": {
        "type": "Direct",
        "requested": "[10.0.200, )",
        "resolved": "10.0.200",
        "contentHash": "jZ34WRkUOZJX5V0FPhZJqtWSY+YB6/Vuuam1LGUwRzyYiRgs5qpAHHcrsckHCISjxXklGPwqh8j8t1g460PG1g==",
        "dependencies": {
          "Microsoft.Build.Tasks.Git": "10.0.200",
          "Microsoft.SourceLink.Common": "10.0.200",
          "System.IO.Hashing": "10.0.4"
        }
      },
      "MinVer": {
        "type": "Direct",
        "requested": "[7.0.0, )",
        "resolved": "7.0.0",
        "contentHash": "2lMTCQl5bGP4iv0JNkockPnyllC6eHLz+CoK2ICvalvHod+exXSxueu9hq+zNkU7bZBJf8wMfeRC/Edn8AGmEg=="
      },
      "Humanizer.Core": {
        "type": "Transitive",
        "resolved": "3.0.10",
        "contentHash": "yZIhtw8sYuvsONzQbZxWpR60tMWYHXoo0DL6nyOqSFiU5POjBTSEyWFpTQtJEZuy+oqiYTXKXY/Mjx7KnqIQFw=="
      },
      "Humanizer.Core.af": {
        "type": "Transitive",
        "resolved": "3.0.10",
        "contentHash": "jIpC73aOXfhqGEnpFKgO2AJ2Esb2t40c/cKqR+RgK1yg1bcBZBuhtjs+PrAIHf5Lp7Znd4teLjCGDS5ut8O1cw==",
        "dependencies": {
          "Humanizer.Core": "[3.0.10]"
        }
      },
      "Humanizer.Core.ar": {
        "type": "Transitive",
        "resolved": "3.0.10",
        "contentHash": "LdDeLE9nmlqbl14RinjII0v8APKZKUqJEClILvdLAoUEdv8UhgsHhDX2BHJKZv2aNfCnb19z9otE8Ffaa11Sow==",
        "dependencies": {
          "Humanizer.Core": "[3.0.10]"
        }
      },
      "Humanizer.Core.az": {
        "type": "Transitive",
        "resolved": "3.0.10",
        "contentHash": "+tfsgP5PkTY5mpx7t0rpMVVNXJQMcRkFSsWtnPpntuC/z7I8GS68CBcsHItw5/qbTJxWRY/cLPe/Psxh/SjEkA==",
        "dependencies": {
          "Humanizer.Core": "[3.0.10]"
        }
      },
      "Humanizer.Core.bg": {
        "type": "Transitive",
        "resolved": "3.0.10",
        "contentHash": "xBQMDuLOjmj1U0h39tv7B39vmVZXBbRUcy3xkHBKHAyuRoxskDJ3F1LUOOw1/E41+dGQziAe2I0EVukwvQ/h0g==",
        "dependencies": {
          "Humanizer.Core": "[3.0.10]"
        }
      },
      "Humanizer.Core.bn": {
        "type": "Transitive",
        "resolved": "3.0.10",
        "contentHash": "U5Li886U/hPdhMxyN9P3eF5dlB15sT/w4F3NOioXsaTQxnJKdxUKglRHiGbakX+aSrsFGok1MoQwVcH7Sac1Lg==",
        "dependencies": {
          "Humanizer.Core": "[3.0.10]"
        }
      },
      "Humanizer.Core.ca": {
        "type": "Transitive",
        "resolved": "3.0.10",
        "contentHash": "D29T+OWcYG4rlOXKwAGpNNrwLgE44oE1JYqlNuNs3lVYmTDEgItyT+SfjG2TXuTQXkpQLzsxfRjqtA/APygjgw==",
        "dependencies": {
          "Humanizer.Core": "[3.0.10]"
        }
      },
      "Humanizer.Core.cs": {
        "type": "Transitive",
        "resolved": "3.0.10",
        "contentHash": "kaG0//ULYkyB8Rk4g5PgC2o8jrmG2joc8lgtyDzCiFCaobr0jgUn393JAIB0JUygbngEIfA0PMK3fLbMXcBNLQ==",
        "dependencies": {
          "Humanizer.Core": "[3.0.10]"
        }
      },
      "Humanizer.Core.da": {
        "type": "Transitive",
        "resolved": "3.0.10",
        "contentHash": "/MCePoHsSaRo03I1NSRut5iUzhYRIKL+UncbtpN8AZ3Vl0TOu0Psi9/6QyjD4gLLx45puiXB2S0lUjCdYmlP7w==",
        "dependencies": {
          "Humanizer.Core": "[3.0.10]"
        }
      },
      "Humanizer.Core.de": {
        "type": "Transitive",
        "resolved": "3.0.10",
        "contentHash": "UoJk/DmAOFZivuMulLoB52Pn5iFvSqurF7qQQAyUAz1/IUZjxkoeoiI5mMILEjVeGoQJqrylt6O+f8johCo0Bg==",
        "dependencies": {
          "Humanizer.Core": "[3.0.10]"
        }
      },
      "Humanizer.Core.el": {
        "type": "Transitive",
        "resolved": "3.0.10",
        "contentHash": "5oIHs25LMm1IBrhcxOYYLTFHZQfBaqgKxm0jAkYmsxedpDZkv1k+BHs2D5Kg1672/ZhTs4jsLbqYNXkHm671vw==",
        "dependencies": {
          "Humanizer.Core": "[3.0.10]"
        }
      },
      "Humanizer.Core.es": {
        "type": "Transitive",
        "resolved": "3.0.10",
        "contentHash": "epxhWWQJ/I610mJGTfQPTocjp7/xCIH6tiREVIlHb/sA1kDAD1zHQcHI+HgWFzn/LzzbVg99y8HVFFHUvjnfXA==",
        "dependencies": {
          "Humanizer.Core": "[3.0.10]"
        }
      },
      "Humanizer.Core.fa": {
        "type": "Transitive",
        "resolved": "3.0.10",
        "contentHash": "9BEFCpbWoUdq2JnLbkohqBfpjjdeMqFhkhCNk3qYmutZwSxuZHrCozppY14SSWI6b6qD1Veb3rVyHGz9Fex5AA==",
        "dependencies": {
          "Humanizer.Core": "[3.0.10]"
        }
      },
      "Humanizer.Core.fi": {
        "type": "Transitive",
        "resolved": "3.0.10",
        "contentHash": "9Nbbxs1WZH2Li6Q28tZC06Y0mXwmIGnCEO/2nRzHvTqf07153frndezl5ads4uX8mNs+hMnUGUsr03IsFhI3jQ==",
        "dependencies": {
          "Humanizer.Core": "[3.0.10]"
        }
      },
      "Humanizer.Core.fil": {
        "type": "Transitive",
        "resolved": "3.0.10",
        "contentHash": "zpUvc+riMHZ2QGYETwnaDiT4Y4fHv2/Ctpi8Nm5SujNmOuxQyQMEAcalbUqWaLjzfTcysKqlU/NkiNP86kGlCA==",
        "dependencies": {
          "Humanizer.Core": "[3.0.10]"
        }
      },
      "Humanizer.Core.fr": {
        "type": "Transitive",
        "resolved": "3.0.10",
        "contentHash": "k+STDkiJVeO/nA5s0/GeBdwZI17D9KgqyYA4XGxfGxtFACwbFyVKQLWLzlIR2BsrT53EkyKLAzuFJ9FCT2CyfQ==",
        "dependencies": {
          "Humanizer.Core": "[3.0.10]"
        }
      },
      "Humanizer.Core.he": {
        "type": "Transitive",
        "resolved": "3.0.10",
        "contentHash": "4WIzAg5hocnbnzaTnueYW/BRhCrQoPg/0U6WiUC4BJKGJDuVYbqIa8iVcHqhr7vVKd5ngFbhSsXuCgkYqOMaXQ==",
        "dependencies": {
          "Humanizer.Core": "[3.0.10]"
        }
      },
      "Humanizer.Core.hr": {
        "type": "Transitive",
        "resolved": "3.0.10",
        "contentHash": "USin9T/FsHjmxvaolEXgL6FOdw+1Juh7geqcjTvJRCdoo/U4Y/usoAiZRbFtDA//1od4yqSxEbmj+F16nKwbkQ==",
        "dependencies": {
          "Humanizer.Core": "[3.0.10]"
        }
      },
      "Humanizer.Core.hu": {
        "type": "Transitive",
        "resolved": "3.0.10",
        "contentHash": "Umon7VBTVDs8QFDqNzGm6MBD+43UZJoN44htW/+iJUDF2gl8K8meRup27Dkl2zvewW3ynZic/xwP2hTDaPjIjw==",
        "dependencies": {
          "Humanizer.Core": "[3.0.10]"
        }
      },
      "Humanizer.Core.hy": {
        "type": "Transitive",
        "resolved": "3.0.10",
        "contentHash": "PzdcqQMwyDYO81PYbzBf+gFMj+wzOYF3kz3mlJCcBX5mSmNRpLIwB2s6PC9OiNN/Y/ya1orHV/z0OY9j7NFc5Q==",
        "dependencies": {
          "Humanizer.Core": "[3.0.10]"
        }
      },
      "Humanizer.Core.id": {
        "type": "Transitive",
        "resolved": "3.0.10",
        "contentHash": "rMb9jvglGeeUxb6Z4EkXTg+et1Ri3DWZjlXs2WFle1Qpu39zWWF0l9rh9PQJb0fzeiZ8jOjiUhUI9lRnoAHHCQ==",
        "dependencies": {
          "Humanizer.Core": "[3.0.10]"
        }
      },
      "Humanizer.Core.is": {
        "type": "Transitive",
        "resolved": "3.0.10",
        "contentHash": "xnNgWY9azqXyclRYmy3D6kgnbdCcPFBAEN4yNdhu2IN10p7Y2T9YUw5R9jLWo5+NGM2uzbbyTxPGf4+9YYUc1w==",
        "dependencies": {
          "Humanizer.Core": "[3.0.10]"
        }
      },
      "Humanizer.Core.it": {
        "type": "Transitive",
        "resolved": "3.0.10",
        "contentHash": "iCrKxOX6q/PZgEk3vYyU1fHC0jnq0hiq7nwWXiuV7uF5VypOxwVeao3vkE6MLoNKW7RQN/TbP06n1TOqyhTA7A==",
        "dependencies": {
          "Humanizer.Core": "[3.0.10]"
        }
      },
      "Humanizer.Core.ja": {
        "type": "Transitive",
        "resolved": "3.0.10",
        "contentHash": "UicfcXwMibwWN3jLesdk702IRQVndgBUqueFr3iXVEn2POue06pHInSIruxNaPTscaNdGKxXZiIiJrN7pCVO9Q==",
        "dependencies": {
          "Humanizer.Core": "[3.0.10]"
        }
      },
      "Humanizer.Core.ko": {
        "type": "Transitive",
        "resolved": "3.0.10",
        "contentHash": "Zr/GwEilhAcmeiDxVKqr79ZK/SEpHfhKzXD15JZ1NpsfYnIfNAN/9i0o535UaadaDDT6EIVpkoGIYAGuYQ0Z4g==",
        "dependencies": {
          "Humanizer.Core": "[3.0.10]"
        }
      },
      "Humanizer.Core.ku": {
        "type": "Transitive",
        "resolved": "3.0.10",
        "contentHash": "j5Qm+CY+c8onfjO1O+TReCDg/epCYdfv5N5LNB+Ydcmn06gkR4HvbWJnk5UFLVHz8NMPmtCrv7CYwmPJ0+lJqw==",
        "dependencies": {
          "Humanizer.Core": "[3.0.10]"
        }
      },
      "Humanizer.Core.lb": {
        "type": "Transitive",
        "resolved": "3.0.10",
        "contentHash": "5lpkw49T6MQ7Gwa0k2JV4cw6aH5FdT1Ku1nfGeey/iScajHDV9mvdxjkxRZpFAhJ5W/5yCtMlHH992LpXFJkeA==",
        "dependencies": {
          "Humanizer.Core": "[3.0.10]"
        }
      },
      "Humanizer.Core.lt": {
        "type": "Transitive",
        "resolved": "3.0.10",
        "contentHash": "1OO4XZ/74tt5nkxYHnpj+ti1w0HdeMGi+AHR59asxcJ3A/iTDZR4RNRIvoj1MdYRe0HdTUjtnGXfA7tXXOkiYg==",
        "dependencies": {
          "Humanizer.Core": "[3.0.10]"
        }
      },
      "Humanizer.Core.lv": {
        "type": "Transitive",
        "resolved": "3.0.10",
        "contentHash": "S4RN1q/saAQxlFlRRUnmi3Oz+mIXRqWtIRZJA3VrvMmBy12cXIdpeY0+d+HCA58WXpI2diOrWxHq9KPUDPunIw==",
        "dependencies": {
          "Humanizer.Core": "[3.0.10]"
        }
      },
      "Humanizer.Core.ms": {
        "type": "Transitive",
        "resolved": "3.0.10",
        "contentHash": "m0+BJa9vG0GeuAWhmdmMxdUUa1cfGjyHZQeJoeivqxJrrtdUUFekXH0xbpvI3ErC8qu5Ufpmfnr6QAX0WQfkIw==",
        "dependencies": {
          "Humanizer.Core": "[3.0.10]"
        }
      },
      "Humanizer.Core.mt": {
        "type": "Transitive",
        "resolved": "3.0.10",
        "contentHash": "8GfXTko/iweepZHcUcOANreClfvTeCDfSuiMxLtFbUZQOBegLZ6VnTVun2gVtv5OANdOk64qhqUKIVLq2rG0rw==",
        "dependencies": {
          "Humanizer.Core": "[3.0.10]"
        }
      },
      "Humanizer.Core.nb": {
        "type": "Transitive",
        "resolved": "3.0.10",
        "contentHash": "UcdV9TWXG2MFVEkqHy8oD2ZbuFhFPLY7ScCJKWBu7OsgInyuHZe72hHP/i52T0FAgiVbrB+Urd3uoWiUT7hP9Q==",
        "dependencies": {
          "Humanizer.Core": "[3.0.10]"
        }
      },
      "Humanizer.Core.nl": {
        "type": "Transitive",
        "resolved": "3.0.10",
        "contentHash": "b+Y1CFId1ucl33OvNITID0eEVesOKiw/dmrcDJ4Z/P9KEuMTeE8aKu5/iSjwtPVV+SagaMx9XzZe7kVYyRqhuQ==",
        "dependencies": {
          "Humanizer.Core": "[3.0.10]"
        }
      },
      "Humanizer.Core.pl": {
        "type": "Transitive",
        "resolved": "3.0.10",
        "contentHash": "LJCt3+dGUQhopQ/1w/zzBNlUHtjkdrt57zS+llMQeFm+1u0e3R+lWJx4zP+hqZcpRA7armR38KghvRSz+bYBbg==",
        "dependencies": {
          "Humanizer.Core": "[3.0.10]"
        }
      },
      "Humanizer.Core.pt": {
        "type": "Transitive",
        "resolved": "3.0.10",
        "contentHash": "+cggEy6W08xD8GU45/EaMfvNQMCd7K1G7hprSPty/9zIoM3OzaajdMA/Oxrb0mHIKpARxCNbQ29ltOtip3MTNA==",
        "dependencies": {
          "Humanizer.Core": "[3.0.10]"
        }
      },
      "Humanizer.Core.pt-BR": {
        "type": "Transitive",
        "resolved": "3.0.10",
        "contentHash": "kbhwn4G+STHUT9cLDdrP60+ZFla4lTg6def+FTnhpMS4JHf8ll0TL1kz9Nj5DTJFdqnvs8/eYfmVhnEegyBjBw==",
        "dependencies": {
          "Humanizer.Core": "[3.0.10]"
        }
      },
      "Humanizer.Core.ro": {
        "type": "Transitive",
        "resolved": "3.0.10",
        "contentHash": "JwdY+SywNIDrFcWKyiZsgsSJkIleoAXAtCLYiLn+CNCk+135VwhchZHm5B9nNvpLjGVaP5Y0ouZQ8xTx1oeZag==",
        "dependencies": {
          "Humanizer.Core": "[3.0.10]"
        }
      },
      "Humanizer.Core.ru": {
        "type": "Transitive",
        "resolved": "3.0.10",
        "contentHash": "1vXr7pkV0zSZF6ENJUadsAagubrBAvTPHPgdgttHlMhUQ1Zz9ZWTJaQdmf2RCen4YywMmfsQQZiGqJl52LVT8Q==",
        "dependencies": {
          "Humanizer.Core": "[3.0.10]"
        }
      },
      "Humanizer.Core.sk": {
        "type": "Transitive",
        "resolved": "3.0.10",
        "contentHash": "LD93nJw1zwXuC+LSw3+02Jk02bdAoENHzb/qrMoGBf70XeV2rBeoxSyJBVLHQ00RZfwNSy6TCTXQyagESVmN+Q==",
        "dependencies": {
          "Humanizer.Core": "[3.0.10]"
        }
      },
      "Humanizer.Core.sl": {
        "type": "Transitive",
        "resolved": "3.0.10",
        "contentHash": "utURJ8K/tnbA5KXlKcT8T+35MEVdZrXUvu2tH+T6M9xxJ1MhLGuFWnc687pcsLdpaLnGB7ZVwrAITlueAE+KGA==",
        "dependencies": {
          "Humanizer.Core": "[3.0.10]"
        }
      },
      "Humanizer.Core.sr": {
        "type": "Transitive",
        "resolved": "3.0.10",
        "contentHash": "e2bVzUAjEpxjFdLVmXZL9EsdVojlV/8GMwZzwDS6OByfG+PP5JxemKylK6FoUK5X2IBPNg68LOvn72WgwaruIQ==",
        "dependencies": {
          "Humanizer.Core": "[3.0.10]"
        }
      },
      "Humanizer.Core.sr-Latn": {
        "type": "Transitive",
        "resolved": "3.0.10",
        "contentHash": "VXPlm+eg5sraDhZ50WGiMZMvj4I2d+0VAy8cNaLLXNt+EgkUz646dRfg5HrQPPjtBbegj6o7gcg8Xl6z0ke+hA==",
        "dependencies": {
          "Humanizer.Core": "[3.0.10]"
        }
      },
      "Humanizer.Core.sv": {
        "type": "Transitive",
        "resolved": "3.0.10",
        "contentHash": "COq4bbUKk7F1jfE2sC/ZmomoQqX0Herwe1iXZyDl5zyw21mUY9wL96S1qbRmRp15UmGzFJdqBPdnd58P7kVMyg==",
        "dependencies": {
          "Humanizer.Core": "[3.0.10]"
        }
      },
      "Humanizer.Core.th": {
        "type": "Transitive",
        "resolved": "3.0.10",
        "contentHash": "8A4lZCLE6bEPYdQKeGfPBHDgAsY30TWWdjoWA1+vAfLA9Ip1l2Ons+Ngw4npkcoI3qdCidU6hWOsFnPfJ8ZufQ==",
        "dependencies": {
          "Humanizer.Core": "[3.0.10]"
        }
      },
      "Humanizer.Core.tr": {
        "type": "Transitive",
        "resolved": "3.0.10",
        "contentHash": "aRAxq1VyuIVoFdx8TZyVsRoDk0yqe9NATjhGgWHPsdR8TVHnuiyXeEbiXf846870VteyLJL9tVy3jaj2rC45tw==",
        "dependencies": {
          "Humanizer.Core": "[3.0.10]"
        }
      },
      "Humanizer.Core.uk": {
        "type": "Transitive",
        "resolved": "3.0.10",
        "contentHash": "NPnGZ1jdoMDYGrsHt5aLlj7Ambp7i5ER/5BbtjBSegn3+PliMbd4Eftr1Ind4qvCU6rTP2a9lUqBoRd+hSVA+g==",
        "dependencies": {
          "Humanizer.Core": "[3.0.10]"
        }
      },
      "Humanizer.Core.uz-Cyrl-UZ": {
        "type": "Transitive",
        "resolved": "3.0.10",
        "contentHash": "8NSyuiTlCfse1ki9QeO35IpZLcxoMlSMGvEY892aw9CNGaDMROQjFzf1iKJkWTyB9atrHHPuWlasBAFk2QkT9w==",
        "dependencies": {
          "Humanizer.Core": "[3.0.10]"
        }
      },
      "Humanizer.Core.uz-Latn-UZ": {
        "type": "Transitive",
        "resolved": "3.0.10",
        "contentHash": "FaSETkwfUiDU/RHlD54xbBKEZXnFIUnTNTnA5ZYXgDOiMmX6cY7vyRDmI1YpQtO+QR1irSettpLFpHeysslnpA==",
        "dependencies": {
          "Humanizer.Core": "[3.0.10]"
        }
      },
      "Humanizer.Core.vi": {
        "type": "Transitive",
        "resolved": "3.0.10",
        "contentHash": "Uz5gph//0eNP0Ta1tqdKDyghiUnZdW0aVW4MK/poD5hLEH1qLoDTWuTb8gxj3F8GvSFjgVmF9HZGQx5cO06N8Q==",
        "dependencies": {
          "Humanizer.Core": "[3.0.10]"
        }
      },
      "Humanizer.Core.zh-CN": {
        "type": "Transitive",
        "resolved": "3.0.10",
        "contentHash": "7veG4JdZ4OeYNlgci/6I/Xf9G/iCljBcwsbLVyGaqdia+2UMAp1iGu+MCs3zKOmEvcb4ipHGFkwT5d/2WfEevA==",
        "dependencies": {
          "Humanizer.Core": "[3.0.10]"
        }
      },
      "Humanizer.Core.zh-Hans": {
        "type": "Transitive",
        "resolved": "3.0.10",
        "contentHash": "z8E2R0QL43NB6m8ntQaL1cONMjudoIJXvMQUFXG4OaKp5iyYqWs6FMC2B7x2rLxOynpsxoq5AQ/8BO0pMdfZrw==",
        "dependencies": {
          "Humanizer.Core": "[3.0.10]"
        }
      },
      "Humanizer.Core.zh-Hant": {
        "type": "Transitive",
        "resolved": "3.0.10",
        "contentHash": "KI5Nv82v9diPBxcBAwIAvZQHjSrDy7He0atnzdZghS+QchHwlkPKhTyEzVSbOZdD42RxCX1ArMiL864A2iw34Q==",
        "dependencies": {
          "Humanizer.Core": "[3.0.10]"
        }
      },
      "Microsoft.AspNetCore.Authorization": {
        "type": "Transitive",
        "resolved": "10.0.4",
        "contentHash": "uCg18hZTfzMEft8uxgPTM4s0sXsETfTnAJ00yR0LD6/ABz6NeEq1RMPIOpkTqbipatw+eNWKqDOV4Gus5OGjAQ==",
        "dependencies": {
          "Microsoft.AspNetCore.Metadata": "10.0.4",
          "Microsoft.Extensions.Diagnostics": "10.0.4",
          "Microsoft.Extensions.Logging.Abstractions": "10.0.4",
          "Microsoft.Extensions.Options": "10.0.4"
        }
      },
      "Microsoft.AspNetCore.Components": {
        "type": "Transitive",
        "resolved": "10.0.4",
        "contentHash": "klyt6QC4akw7jUHHIhEfGJ6+BQEs4o+so8OJC6TyKJe/wVIFdyrD9cfJUoGKweQPc6U41vwWtYt+4j9pBx1SRQ==",
        "dependencies": {
          "Microsoft.AspNetCore.Authorization": "10.0.4",
          "Microsoft.AspNetCore.Components.Analyzers": "10.0.4"
        }
      },
      "Microsoft.AspNetCore.Components.Analyzers": {
        "type": "Transitive",
        "resolved": "10.0.4",
        "contentHash": "9DkuT88ZpI4u4KHrcxTuRW1oQx9IG+j9TB1DpkZR4mzBkfBY9YACQvahjgUnfRkFKyMKYxucF+g37pCD4H6rtg=="
      },
      "Microsoft.AspNetCore.Components.Forms": {
        "type": "Transitive",
        "resolved": "10.0.4",
        "contentHash": "T8+lEu2x4nj8ew/gtYUwLUrhDJs53zTyU1GkLVxwdU+09e8hKZiXLBdrFbskYgDcTpNhkbM6uTz/QkqRRHvArg==",
        "dependencies": {
          "Microsoft.AspNetCore.Components": "10.0.4",
          "Microsoft.Extensions.Validation": "10.0.4"
        }
      },
      "Microsoft.AspNetCore.Components.Web": {
        "type": "Transitive",
        "resolved": "10.0.4",
        "contentHash": "RH4lnt8Xza12sU1a5aSFgMplNSkt/VRYdKwdFISa9bipf1NndHjxUCIib/TH6nCfP2drVAXd31lcksUyYMKmTA==",
        "dependencies": {
          "Microsoft.AspNetCore.Components": "10.0.4",
          "Microsoft.AspNetCore.Components.Forms": "10.0.4",
          "Microsoft.Extensions.DependencyInjection": "10.0.4",
          "Microsoft.Extensions.Primitives": "10.0.4",
          "Microsoft.JSInterop": "10.0.4"
        }
      },
      "Microsoft.AspNetCore.Metadata": {
        "type": "Transitive",
        "resolved": "10.0.4",
        "contentHash": "levTTo69d5gYARtSzRV4wMvD1YUtkWvI/fOiTEG+k4v1WEEFBxrHLdUVEvxCfiuCb1Y1XuPAbbBsKQi9wNtU3w=="
      },
      "Microsoft.Build.Tasks.Git": {
        "type": "Transitive",
        "resolved": "10.0.200",
        "contentHash": "UvGsrIcmqICxi0OiQ3ekgXVM9DJQQG0dkhxvp0RNkv4aH5zAbjX0/LWgz64SrkQS2mme+1dz2pMnM/R4vOI1AQ==",
        "dependencies": {
          "System.IO.Hashing": "10.0.4"
        }
      },
      "Microsoft.Extensions.AmbientMetadata.Application": {
        "type": "Transitive",
        "resolved": "10.4.0",
        "contentHash": "bovnONzrr/JIc+w343i857rJEb7cQH9UzEjbV5n67agWBEYICGQb8xiqYz5+GoFXp6mKEKLwYCQGttMU1p5yXQ==",
        "dependencies": {
          "Microsoft.Extensions.Configuration": "10.0.4",
          "Microsoft.Extensions.Hosting.Abstractions": "10.0.4",
          "Microsoft.Extensions.Options.ConfigurationExtensions": "10.0.4"
        }
      },
      "Microsoft.Extensions.Caching.Abstractions": {
        "type": "Transitive",
        "resolved": "10.0.4",
        "contentHash": "uDRooaV6N3WZ0kdlNPMB68/MdGn/in1Fs7Db7DnIm85RBTPy4P321WO+daAImiYpH5dekjNggDqy1N44WaIlMA==",
        "dependencies": {
          "Microsoft.Extensions.Primitives": "10.0.4"
        }
      },
      "Microsoft.Extensions.Caching.Memory": {
        "type": "Transitive",
        "resolved": "10.0.4",
        "contentHash": "CLLussNUMdSbyJOu4VBF7sqskHGB/5N1EcFzrqG/HsPATN8fCRUcfp0qns1VwkxKHwxrtYCh5FKe+kM81Q1PHA==",
        "dependencies": {
          "Microsoft.Extensions.Caching.Abstractions": "10.0.4",
          "Microsoft.Extensions.DependencyInjection.Abstractions": "10.0.4",
          "Microsoft.Extensions.Logging.Abstractions": "10.0.4",
          "Microsoft.Extensions.Options": "10.0.4",
          "Microsoft.Extensions.Primitives": "10.0.4"
        }
      },
      "Microsoft.Extensions.Compliance.Abstractions": {
        "type": "Transitive",
        "resolved": "10.4.0",
        "contentHash": "4WkknDbVrHNf+S6fwSt1OAXlGJ/G/QrtJlqx4aNzOLmeT3GRyxpGLZn+Q3UV+RMRAF6FfsijEZBg2ZAW8bTAkg==",
        "dependencies": {
          "Microsoft.Extensions.DependencyInjection.Abstractions": "10.0.4",
          "Microsoft.Extensions.ObjectPool": "10.0.4"
        }
      },
      "Microsoft.Extensions.Configuration": {
        "type": "Transitive",
        "resolved": "10.0.4",
        "contentHash": "601B3ha6XvOsOcu9GVd2dVd1KEDuqr49r46GUWhNJkeZDhZ/NI9EYTyoeQjZQEi8ZUvnrv++FbTfGmC8F0vgtg==",
        "dependencies": {
          "Microsoft.Extensions.Configuration.Abstractions": "10.0.4",
          "Microsoft.Extensions.Primitives": "10.0.4"
        }
      },
      "Microsoft.Extensions.Configuration.Abstractions": {
        "type": "Transitive",
        "resolved": "10.0.4",
        "contentHash": "3x9X9SMAMdAoEwWxHfsT2a9dTBqEtfYfbEOFw+UPtBshEH2gHWJeazxrZ1FK1O18MoCbe1NxINg5qciB01pEcg==",
        "dependencies": {
          "Microsoft.Extensions.Primitives": "10.0.4"
        }
      },
      "Microsoft.Extensions.Configuration.Binder": {
        "type": "Transitive",
        "resolved": "10.0.4",
        "contentHash": "ilnL/kQn62Gx3OZCVT7SJrBNi0CRIhS8VEunmE6i/a9lp9l/eos+hpxMvCW4iX2aVc/NWeDhxuQusZL7zvmKIg==",
        "dependencies": {
          "Microsoft.Extensions.Configuration": "10.0.4",
          "Microsoft.Extensions.Configuration.Abstractions": "10.0.4"
        }
      },
      "Microsoft.Extensions.Configuration.FileExtensions": {
        "type": "Transitive",
        "resolved": "10.0.4",
        "contentHash": "LD4T4s2uW2kZUkwGc4A9KK5o3wfkgySHKEiYqV0NXeNdeLN563NgNqDpi3DNXAdrt2TwU0rK7QMPdWLLIaMipA==",
        "dependencies": {
          "Microsoft.Extensions.Configuration": "10.0.4",
          "Microsoft.Extensions.Configuration.Abstractions": "10.0.4",
          "Microsoft.Extensions.FileProviders.Abstractions": "10.0.4",
          "Microsoft.Extensions.FileProviders.Physical": "10.0.4",
          "Microsoft.Extensions.Primitives": "10.0.4"
        }
      },
      "Microsoft.Extensions.Configuration.Json": {
        "type": "Transitive",
        "resolved": "10.0.4",
        "contentHash": "gn2Rf0dvIa6Sz/WJ5cNHhG/oUOT1yrHXd7Q0vCpXDlLsMuRqv9G5NBXFJbSh/ZRzSbvbOQWMV0amQS/3N0Fzzg==",
        "dependencies": {
          "Microsoft.Extensions.Configuration": "10.0.4",
          "Microsoft.Extensions.Configuration.Abstractions": "10.0.4",
          "Microsoft.Extensions.Configuration.FileExtensions": "10.0.4",
          "Microsoft.Extensions.FileProviders.Abstractions": "10.0.4"
        }
      },
      "Microsoft.Extensions.DependencyInjection": {
        "type": "Transitive",
        "resolved": "10.0.4",
        "contentHash": "NkvJ8aSr3AG30yabjv7ZWwTG/wq5OElNTlNq39Ok2HSEF3TIwAc1f1xnTJlR/GuoJmEgkfT7WBO9YbSXRk41+g==",
        "dependencies": {
          "Microsoft.Extensions.DependencyInjection.Abstractions": "10.0.4"
        }
      },
      "Microsoft.Extensions.DependencyInjection.Abstractions": {
        "type": "Transitive",
        "resolved": "10.0.4",
        "contentHash": "SIe9zlVQJecnk/DTmevIcl6+aEDYhoVLc2eG2AKwVeNEC8CSyxHAbh4lf0xtHq9JUum0vVTEByGNTK+b6oihTQ=="
      },
      "Microsoft.Extensions.DependencyInjection.AutoActivation": {
        "type": "Transitive",
        "resolved": "10.4.0",
        "contentHash": "ksmUG2SFTcXzYdyoLOdeSM/qYLRGN6qbbSzYVkwMK9xsctfR1hYkUayeOpFCMd7L+QSlYX72mK9wxwdgQxyS4g==",
        "dependencies": {
          "Microsoft.Extensions.Hosting.Abstractions": "10.0.4"
        }
      },
      "Microsoft.Extensions.Diagnostics": {
        "type": "Transitive",
        "resolved": "10.0.4",
        "contentHash": "R9W7AttMedwOwJ7wRqTGBoVbX2JmlyWA+LJQUhizmS7Be9f6EJUn/+lvaIYDrOYtA1UzAfrwU871hpvZSPyIkg==",
        "dependencies": {
          "Microsoft.Extensions.Configuration": "10.0.4",
          "Microsoft.Extensions.Diagnostics.Abstractions": "10.0.4",
          "Microsoft.Extensions.Options.ConfigurationExtensions": "10.0.4"
        }
      },
      "Microsoft.Extensions.Diagnostics.Abstractions": {
        "type": "Transitive",
        "resolved": "10.0.4",
        "contentHash": "JH2RyevIwJ1E9mBsZRXR+12TnUauptKgzCdOghhk3sE+dqcxB16GoE7x+0IuqTbaixM1ESXTNoqEw/IBnhM7LQ==",
        "dependencies": {
          "Microsoft.Extensions.DependencyInjection.Abstractions": "10.0.4",
          "Microsoft.Extensions.Options": "10.0.4"
        }
      },
      "Microsoft.Extensions.Diagnostics.ExceptionSummarization": {
        "type": "Transitive",
        "resolved": "10.4.0",
        "contentHash": "1/hQmONMWxRTKXuN0pQShQN9QsqIRTS1G4fdmKW0O9phuVZjyzIROQD9Fbfwyn2t+yvP8SzjatGAPX4jDRfgHg==",
        "dependencies": {
          "Microsoft.Extensions.DependencyInjection.Abstractions": "10.0.4"
        }
      },
      "Microsoft.Extensions.FileProviders.Abstractions": {
        "type": "Transitive",
        "resolved": "10.0.4",
        "contentHash": "3hLXFZ1E/Kj3obIcb9iMCC95MpW2e8EkWxpXKgUfgGBfm+yn507pHAjPaHoi2U3GlSHIm/21DPCDLumwlMowjw==",
        "dependencies": {
          "Microsoft.Extensions.Primitives": "10.0.4"
        }
      },
      "Microsoft.Extensions.FileProviders.Physical": {
        "type": "Transitive",
        "resolved": "10.0.4",
        "contentHash": "gVVHdOFwlnXmTtx41e2aGfcFXX+8+9DPkOzEqQuHN8rOv+6RQWs/wfeQLaosOt3CQLKNoCaFmHopTtGB9PB5fg==",
        "dependencies": {
          "Microsoft.Extensions.FileProviders.Abstractions": "10.0.4",
          "Microsoft.Extensions.FileSystemGlobbing": "10.0.4",
          "Microsoft.Extensions.Primitives": "10.0.4"
        }
      },
      "Microsoft.Extensions.FileSystemGlobbing": {
        "type": "Transitive",
        "resolved": "10.0.4",
        "contentHash": "eCEFVuuZL++SqMcdB5i4KA16GvcxCzdKKK+clapXYyGMkhd4BxwZi2/vGzo8s7a8Vi0BA78p5u/NScgOP1pzTg=="
      },
      "Microsoft.Extensions.Hosting.Abstractions": {
        "type": "Transitive",
        "resolved": "10.0.4",
        "contentHash": "+5mQrqlBhqNUaPyDmFSNM/qiWStvE9LMxZW1MRF0NhEbO781xNeKryXNR9gGDJ0PmYFDAVoMT9ffX+I15LPFTw==",
        "dependencies": {
          "Microsoft.Extensions.Configuration.Abstractions": "10.0.4",
          "Microsoft.Extensions.DependencyInjection.Abstractions": "10.0.4",
          "Microsoft.Extensions.Diagnostics.Abstractions": "10.0.4",
          "Microsoft.Extensions.FileProviders.Abstractions": "10.0.4",
          "Microsoft.Extensions.Logging.Abstractions": "10.0.4"
        }
      },
      "Microsoft.Extensions.Http": {
        "type": "Transitive",
        "resolved": "10.0.4",
        "contentHash": "QRbs+A+WfiGTnV9KFNfWlF+My5euQNZnsvdVMulwRN6C/tEPaF+ZlQfedHoNvFHKLwjQMmqwm4z+TSO9eLvRQw==",
        "dependencies": {
          "Microsoft.Extensions.Configuration.Abstractions": "10.0.4",
          "Microsoft.Extensions.DependencyInjection.Abstractions": "10.0.4",
          "Microsoft.Extensions.Diagnostics": "10.0.4",
          "Microsoft.Extensions.Logging": "10.0.4",
          "Microsoft.Extensions.Logging.Abstractions": "10.0.4",
          "Microsoft.Extensions.Options": "10.0.4"
        }
      },
      "Microsoft.Extensions.Http.Diagnostics": {
        "type": "Transitive",
        "resolved": "10.4.0",
        "contentHash": "ybx2QcCWROCnUCbSj/IyHXn1c58brjjHzTTbueKgBl/qHsWk69mu25mjQ3oaMsO1I0+EcS6AhVuhIopL2q3IDw==",
        "dependencies": {
          "Microsoft.Extensions.Http": "10.0.4",
          "Microsoft.Extensions.Telemetry": "10.4.0"
        }
      },
      "Microsoft.Extensions.Logging": {
        "type": "Transitive",
        "resolved": "10.0.4",
        "contentHash": "S8+6fCuMOhJZGk8sGFtOy3VsF9mk9x4UOL59GM91REiA/fmCDjunKKIw4RmStG87qyXPfxelDJf2pXIbTuaBdw==",
        "dependencies": {
          "Microsoft.Extensions.DependencyInjection": "10.0.4",
          "Microsoft.Extensions.Logging.Abstractions": "10.0.4",
          "Microsoft.Extensions.Options": "10.0.4"
        }
      },
      "Microsoft.Extensions.Logging.Abstractions": {
        "type": "Transitive",
        "resolved": "10.0.4",
        "contentHash": "PDMMt7fvBatv6hcxxyJtXIzSwn7Dy00W6I2vDAOTYrQqNM2dF5A2L9n0uMzdPz2IPoNZWkAmYjoOCEdDLq0i4w==",
        "dependencies": {
          "Microsoft.Extensions.DependencyInjection.Abstractions": "10.0.4"
        }
      },
      "Microsoft.Extensions.Logging.Configuration": {
        "type": "Transitive",
        "resolved": "10.0.4",
        "contentHash": "XPXoOpUnWEh0pV7Vl2DK2wj47y73Krhrve5OkPrvGIWdZ4U2r47WO8hEdv+wKn65Kh4pmDdiWm7Ibo5pZX+vig==",
        "dependencies": {
          "Microsoft.Extensions.Configuration": "10.0.4",
          "Microsoft.Extensions.Configuration.Abstractions": "10.0.4",
          "Microsoft.Extensions.Configuration.Binder": "10.0.4",
          "Microsoft.Extensions.DependencyInjection.Abstractions": "10.0.4",
          "Microsoft.Extensions.Logging": "10.0.4",
          "Microsoft.Extensions.Logging.Abstractions": "10.0.4",
          "Microsoft.Extensions.Options": "10.0.4",
          "Microsoft.Extensions.Options.ConfigurationExtensions": "10.0.4"
        }
      },
      "Microsoft.Extensions.Options": {
        "type": "Transitive",
        "resolved": "10.0.4",
        "contentHash": "kRxa2Zjzhg/ohh7EklpqQpBIcyQnC3meWxCcpZBn+0QWy/fY1DmDd45JiW8Vyrpj2J1RDtau5yRHiLZS/AoxUw==",
        "dependencies": {
          "Microsoft.Extensions.DependencyInjection.Abstractions": "10.0.4",
          "Microsoft.Extensions.Primitives": "10.0.4"
        }
      },
      "Microsoft.Extensions.Options.ConfigurationExtensions": {
        "type": "Transitive",
        "resolved": "10.0.4",
        "contentHash": "amQUITwSnkbMPxh/ngneNykz4UtytEOXo0M/pbwdBiQU57EAVvBV5PFI8r/dRastUj0yxHVwrH64N9ACR5SdGQ==",
        "dependencies": {
          "Microsoft.Extensions.Configuration.Abstractions": "10.0.4",
          "Microsoft.Extensions.Configuration.Binder": "10.0.4",
          "Microsoft.Extensions.DependencyInjection.Abstractions": "10.0.4",
          "Microsoft.Extensions.Options": "10.0.4",
          "Microsoft.Extensions.Primitives": "10.0.4"
        }
      },
      "Microsoft.Extensions.Primitives": {
        "type": "Transitive",
        "resolved": "10.0.4",
        "contentHash": "lABYqiRH9HgYJsjzO3W7+cucUwWXhEkiyrRylANdIubnzcESlkIsLowXpQ4E+sc7kjMLbk1hk5oxw4qTKowTEg=="
      },
      "Microsoft.Extensions.Resilience": {
        "type": "Transitive",
        "resolved": "10.4.0",
        "contentHash": "41CCbJJPsDWU6NsmKfANHkfT/+KCBlZZqQ1eBoQhhW0xqGCiWmUlMdi2BoaM/GcwKHX5WiQL/IESROmgk0Owfw==",
        "dependencies": {
          "Microsoft.Extensions.Diagnostics": "10.0.4",
          "Microsoft.Extensions.Diagnostics.ExceptionSummarization": "10.4.0",
          "Microsoft.Extensions.Options.ConfigurationExtensions": "10.0.4",
          "Microsoft.Extensions.Telemetry.Abstractions": "10.4.0",
          "Polly.Extensions": "8.4.2",
          "Polly.RateLimiting": "8.4.2"
        }
      },
      "Microsoft.Extensions.Telemetry": {
        "type": "Transitive",
        "resolved": "10.4.0",
        "contentHash": "AbHleTzdpGPjA6RpOjKVHEYx7SoBRnJ2bwAbbPa3aGB7HiVwBmeTJhBGhtIBiuIW0VpKDS8x+bV5iWqpBRIf4w==",
        "dependencies": {
          "Microsoft.Extensions.AmbientMetadata.Application": "10.4.0",
          "Microsoft.Extensions.DependencyInjection.AutoActivation": "10.4.0",
          "Microsoft.Extensions.Logging.Configuration": "10.0.4",
          "Microsoft.Extensions.ObjectPool": "10.0.4",
          "Microsoft.Extensions.Telemetry.Abstractions": "10.4.0"
        }
      },
      "Microsoft.Extensions.Telemetry.Abstractions": {
        "type": "Transitive",
        "resolved": "10.4.0",
        "contentHash": "3b2uVa4voJfLLg39BPCKQS0ZgnpEZFkKf7YmnMVlM5FQJYBPOuePIQdnEK1/Oxd+w3GscxGYuE7IMOXDwixZtQ==",
        "dependencies": {
          "Microsoft.Extensions.Compliance.Abstractions": "10.4.0",
          "Microsoft.Extensions.Logging.Abstractions": "10.0.4",
          "Microsoft.Extensions.ObjectPool": "10.0.4",
          "Microsoft.Extensions.Options": "10.0.4"
        }
      },
      "Microsoft.Extensions.Validation": {
        "type": "Transitive",
        "resolved": "10.0.4",
        "contentHash": "pUgoPfU+BtT7WxxU7P43V6xDOgyZjM5ru3t587GaYLmUfUA4TYU32RB/V6AdqWigmHYXUh9y7jKc/tcstkSMJw==",
        "dependencies": {
          "Microsoft.Extensions.DependencyInjection.Abstractions": "10.0.4",
          "Microsoft.Extensions.Options": "10.0.4"
        }
      },
      "Microsoft.IO.RecyclableMemoryStream": {
        "type": "Transitive",
        "resolved": "3.0.1",
        "contentHash": "s/s20YTVY9r9TPfTrN5g8zPF1YhwxyqO6PxUkrYTGI2B+OGPe9AdajWZrLhFqXIvqIW23fnUE4+ztrUWNU1+9g=="
      },
      "Microsoft.JSInterop": {
        "type": "Transitive",
        "resolved": "10.0.4",
        "contentHash": "7pBe2H+EQi5i7xTWcC9WpeiAS4A9VUIN7r59JFiXDg3tFMNGUO8/IoHGx0UFMUmIlNrO4sM2EoMtrrfCwYyP/Q=="
      },
      "Microsoft.JSInterop.WebAssembly": {
        "type": "Transitive",
        "resolved": "10.0.4",
        "contentHash": "9i1nsLzyh+liVUwpqnz/wyz/10zTdZowFCTL3XQ8U3nJcJb2TUUIJLWz6P97N8g33smPcvLe4Rfxz5+NjyZ7kQ==",
        "dependencies": {
          "Microsoft.JSInterop": "10.0.4"
        }
      },
      "Microsoft.Net.Http.Headers": {
        "type": "Transitive",
        "resolved": "10.0.4",
        "contentHash": "25hayt6jnvXXY82NUBXwBxUYpubxMXtsGowlLswQvrV/HquCTVJd62A7QKUkvDAC9+zyzWPwVjd3W/M/D3PcGg==",
        "dependencies": {
          "Microsoft.Extensions.Primitives": "10.0.4"
        }
      },
      "Microsoft.SourceLink.Common": {
        "type": "Transitive",
        "resolved": "10.0.200",
        "contentHash": "FxaSq+pMA7BS5dA5DXs0FscrvYzi6Rtm/zcU/ZMHV22lMIk07jz0WZdrWERQ9TJNARkne+z1Coow/a0w5Wl4yQ=="
      },
      "Polly.Core": {
        "type": "Transitive",
        "resolved": "8.4.2",
        "contentHash": "BpE2I6HBYYA5tF0Vn4eoQOGYTYIK1BlF5EXVgkWGn3mqUUjbXAr13J6fZVbp7Q3epRR8yshacBMlsHMhpOiV3g=="
      },
      "Polly.Extensions": {
        "type": "Transitive",
        "resolved": "8.4.2",
        "contentHash": "GZ9vRVmR0jV2JtZavt+pGUsQ1O1cuRKG7R7VOZI6ZDy9y6RNPvRvXK1tuS4ffUrv8L0FTea59oEuQzgS0R7zSA==",
        "dependencies": {
          "Microsoft.Extensions.Logging.Abstractions": "8.0.0",
          "Microsoft.Extensions.Options": "8.0.0",
          "Polly.Core": "8.4.2"
        }
      },
      "Polly.RateLimiting": {
        "type": "Transitive",
        "resolved": "8.4.2",
        "contentHash": "ehTImQ/eUyO07VYW2WvwSmU9rRH200SKJ/3jku9rOkyWE0A2JxNFmAVms8dSn49QLSjmjFRRSgfNyOgr/2PSmA==",
        "dependencies": {
          "Polly.Core": "8.4.2",
          "System.Threading.RateLimiting": "8.0.0"
        }
      },
      "System.IO.Hashing": {
        "type": "Transitive",
        "resolved": "10.0.4",
        "contentHash": "D5nHu/rBFu2mUyqyWWCTPxqvQisJKIqK/GU3X6BQbYIFYBDHTvUXToyv0oSszS26/6oTghWiA+oGqhgwGgTefw=="
      },
      "System.Threading.RateLimiting": {
        "type": "Transitive",
        "resolved": "8.0.0",
        "contentHash": "7mu9v0QDv66ar3DpGSZHg9NuNcxDaaAcnMULuZlaTpP9+hwXhrxNGsF5GmLkSHxFdb5bBc1TzeujsRgTrPWi+Q=="
      },
      "wadio.app.abstractions": {
        "type": "Project"
      }
    },
    "net10.0/browser-wasm": {}
  }
}