{
  "version": 1,
  "dependencies": {
    "net10.0": {
      "Aspire.StackExchange.Redis": {
        "type": "Direct",
        "requested": "[13.5.0, )",
        "resolved": "13.5.0",
        "contentHash": "AIWp2UwPqphVIZt6McuoXlj7HMtvm+GdKbXBfLv3em/hQxu/JVQ3SUL8VbhlGFOUDCxA8w/Xp29vcYMJWwaP+A==",
        "dependencies": {
          "AspNetCore.HealthChecks.Redis": "9.0.0",
          "Microsoft.Extensions.DependencyInjection.AutoActivation": "10.8.0",
          "OpenTelemetry.Extensions.Hosting": "1.15.3",
          "StackExchange.Redis": "2.13.1",
          "System.IO.Hashing": "10.0.8"
        }
      },
      "Aspire.StackExchange.Redis.DistributedCaching": {
        "type": "Direct",
        "requested": "[13.5.0, )",
        "resolved": "13.5.0",
        "contentHash": "+HbznkKjrt/n+G+tsgrMYCaNP2tU9Q7K7nu5Nz3lEL65Td5XO4tZr2ETWsW3WSAEz/e7FCLA0ehDKTi7GZ5rTw==",
        "dependencies": {
          "AspNetCore.HealthChecks.Redis": "9.0.0",
          "Aspire.StackExchange.Redis": "13.5.0",
          "Microsoft.Extensions.Caching.StackExchangeRedis": "10.0.11",
          "Microsoft.Extensions.DependencyInjection.AutoActivation": "10.8.0",
          "OpenTelemetry.Extensions.Hosting": "1.15.3",
          "StackExchange.Redis": "2.13.1",
          "System.IO.Hashing": "10.0.8"
        }
      },
      "AspNetCore.HealthChecks.Redis": {
        "type": "Direct",
        "requested": "[9.0.0, )",
        "resolved": "9.0.0",
        "contentHash": "yNH0h8GLRbAf+PU5HNVLZ5hNeyq9mDVmRKO9xuZsme/znUYoBJlQvI0gq45gaZNlLncCHkMhR4o90MuT+gxxPw==",
        "dependencies": {
          "StackExchange.Redis": "2.7.4"
        }
      },
      "Microsoft.AspNetCore.OpenApi": {
        "type": "Direct",
        "requested": "[10.0.11, )",
        "resolved": "10.0.11",
        "contentHash": "R/1EATnPLU+gRfB6lwVkMcymmyAY5ppBBdRN/5lhNEiT3xP1sWccuSFkU/f1lQvN/WgRq5Vn8AhCdE3fqgsL/w==",
        "dependencies": {
          "Microsoft.OpenApi": "[2.7.5, 3.0.0)"
        }
      },
      "Microsoft.AspNetCore.SignalR.StackExchangeRedis": {
        "type": "Direct",
        "requested": "[10.0.11, )",
        "resolved": "10.0.11",
        "contentHash": "bo7fagrKzIkwBTnzYXwPSqkV/JLALw22QYSwVnizsrHkiV7txWmIrsWxm8Qe3uRTZbxnykBUOnnC3ZavGtlqRg==",
        "dependencies": {
          "MessagePack": "2.5.302",
          "StackExchange.Redis": "2.7.27"
        }
      },
      "Microsoft.Extensions.Caching.Hybrid": {
        "type": "Direct",
        "requested": "[10.9.0, )",
        "resolved": "10.9.0",
        "contentHash": "D0tHRbUCliInxTfPgN9K6RxrCVaWu9kyIT66vbIJ/YwA6BV2xa8vTqoE3JQXA2Rf2vRdgd29+HR6Ay6KmzDslw=="
      },
      "Microsoft.OpenApi": {
        "type": "Direct",
        "requested": "[2.12.0, )",
        "resolved": "2.12.0",
        "contentHash": "0xB/be+f6qYOhvQPUrVsLrau+fkowYv6gt9RIkajMhwT7sZnqtcA797yW3bS5kgSje+AQW4xZgyLnW641YFioQ=="
      },
      "Microsoft.SourceLink.GitHub": {
        "type": "Direct",
        "requested": "[10.0.400, )",
        "resolved": "10.0.400",
        "contentHash": "N1Ut0+EmMb2Tma9spHxAgpCspkln4gst1RWYc1PYPn8LA4KJWDSiggKpE183lfR98TNG2C+XnJ71zSYtuCSsqA==",
        "dependencies": {
          "Microsoft.Build.Tasks.Git": "10.0.400",
          "Microsoft.SourceLink.Common": "10.0.400",
          "System.IO.Hashing": "10.0.11"
        }
      },
      "MinVer": {
        "type": "Direct",
        "requested": "[7.0.0, )",
        "resolved": "7.0.0",
        "contentHash": "2lMTCQl5bGP4iv0JNkockPnyllC6eHLz+CoK2ICvalvHod+exXSxueu9hq+zNkU7bZBJf8wMfeRC/Edn8AGmEg=="
      },
      "Octokit": {
        "type": "Direct",
        "requested": "[14.0.0, )",
        "resolved": "14.0.0",
        "contentHash": "jGOuTH1l+TCpJH+fwYOp7USzHDuGfN1jKbLz3J2COwyn+wL08eynvpnM6rY2qkzIEXum3PN2p2QkP3BW/p9Qcw=="
      },
      "Scalar.AspNetCore": {
        "type": "Direct",
        "requested": "[2.16.20, )",
        "resolved": "2.16.20",
        "contentHash": "pSmyME4FCnYocbLmn9lmAUTVVSEPb5E6noqRcmJYpO65eaum68gw17yMORbeckW+gMksiL04m+zXoTxOKv0+kQ=="
      },
      "SkiaSharp": {
        "type": "Direct",
        "requested": "[4.151.1, )",
        "resolved": "4.151.1",
        "contentHash": "FNlVsGZ9to3o9pObVqhIZanHjUGOoPb/Zxk5svCSLMJnKwxPKV7sIJrjs9BpB/jF3j9OdsaMOb4cfwSJbjueSw==",
        "dependencies": {
          "SkiaSharp.NativeAssets.Win32": "4.151.1",
          "SkiaSharp.NativeAssets.macOS": "4.151.1"
        }
      },
      "SkiaSharp.NativeAssets.Linux": {
        "type": "Direct",
        "requested": "[4.151.1, )",
        "resolved": "4.151.1",
        "contentHash": "4FM5fSV6W3nMOeawrxkgu3sf3uWUfQEizZ+ww6kcByf9XERiSbZftf5dyJxOUFDLcrtj9aslN2Jb7uZsO/lfWw=="
      },
      "AspNetCore.HealthChecks.ApplicationStatus": {
        "type": "Transitive",
        "resolved": "9.0.0",
        "contentHash": "wKHuIu066q1Aa3hHLFFP/ZHaTutTaGn4zHY5v1TVTRu/WfRR/QUPDajipsC655Y1uwPE9wZ8Fu7n4lOBG/nOpw=="
      },
      "ESCd.Extensions.Http": {
        "type": "Transitive",
        "resolved": "1.1.13",
        "contentHash": "pEOP6u3xSbMmKDibcD5QlOS4T3eqdK/SVkFj443dLfpNjc6L/mJv2hK8d1OGLZQ8gcMzH3otI36Sbwgcczu6cw==",
        "dependencies": {
          "Microsoft.IO.RecyclableMemoryStream": "3.0.1"
        }
      },
      "MessagePack": {
        "type": "Transitive",
        "resolved": "2.5.302",
        "contentHash": "5DZsKli4dMEpm/glcMAheuO8/IesfaTskbfsuvgnQwWFKS5FN7Z6yNx+5F+UW94E+9N2qt8Zs63/XVzpLsElgA==",
        "dependencies": {
          "MessagePack.Annotations": "2.5.302",
          "Microsoft.NET.StringTools": "17.6.3"
        }
      },
      "MessagePack.Annotations": {
        "type": "Transitive",
        "resolved": "2.5.302",
        "contentHash": "PTHQHbMJzx1VtUUCpnvPavD7o5X9s2dAJ4uQHAP2kBCwJKICpPTZq0qxzbB4/6iJJiIxem8zlxyfldGAx1SjSQ=="
      },
      "Microsoft.Build.Tasks.Git": {
        "type": "Transitive",
        "resolved": "10.0.400",
        "contentHash": "uXJ/eBDqAo9HlyPjvvvynjHb59KXQWG9txpBzyI1drO6MV3Lhndt2yhxuMKvIga4kND2UKc3xCNXlXBhWU8Hlg==",
        "dependencies": {
          "System.IO.Hashing": "10.0.11"
        }
      },
      "Microsoft.Extensions.AmbientMetadata.Application": {
        "type": "Transitive",
        "resolved": "10.9.0",
        "contentHash": "BX45SeAjP6sz9Djg6Gm0/IruBuWkyUKxtr4pn9sLAuprnuRn+VBPZVH2XxpzbaT7cVCPim3+Dkijl6yhLHjBOw=="
      },
      "Microsoft.Extensions.Caching.StackExchangeRedis": {
        "type": "Transitive",
        "resolved": "10.0.11",
        "contentHash": "0SCQuU1m+BcLMjyh6q1X9j0hongN9EZx9KhgDyPgHxVa5RJ5xuHBkvcgnX95KSa5bQlkYupeQFu8IAI3NgPIUQ==",
        "dependencies": {
          "StackExchange.Redis": "2.7.27"
        }
      },
      "Microsoft.Extensions.Compliance.Abstractions": {
        "type": "Transitive",
        "resolved": "10.9.0",
        "contentHash": "tuSqNuiJxlln43sZ8c1EDA4WXit1eX4foGadylXso3DnMVc+DtKfaNEwvHuiFXfPsEUZ6Z3GnF0Bfk9vvOsE4Q=="
      },
      "Microsoft.Extensions.DependencyInjection.AutoActivation": {
        "type": "Transitive",
        "resolved": "10.9.0",
        "contentHash": "hO/IpudHBl+EMXm1Ag8+7ersCN7VuiR6ech1+cVk8I+o7ssPRKdTozIAO4HGPt49G/lY6lo7G2kY5Q00biMHew=="
      },
      "Microsoft.Extensions.Diagnostics.ExceptionSummarization": {
        "type": "Transitive",
        "resolved": "10.9.0",
        "contentHash": "Cyp36W6/XHD6sSDnbc6Ss7M+qOcjrer400Dx4Tfkb5OHcKV6bp9uMqZ4Y8PAoSwTfS8a/3lB9xCF+CLf0JGUig=="
      },
      "Microsoft.Extensions.Http.Diagnostics": {
        "type": "Transitive",
        "resolved": "10.9.0",
        "contentHash": "jxxGX3bUe0ZZFtkMaigIJG44aGK6toE0EFhQwPYfTGLHw4EgXgceO8+RAdXZakK4BezpeDhR//6cxqmtae0I9Q==",
        "dependencies": {
          "Microsoft.Extensions.Telemetry": "10.9.0"
        }
      },
      "Microsoft.Extensions.Http.Resilience": {
        "type": "Transitive",
        "resolved": "10.9.0",
        "contentHash": "loWrGc0mZt6N91IV+PZQeNU4uvb2vHdKgU9pUo8i2SGix9edTNCVhwzBp3gWJeaXeoPMph6F9xXcXF4W2ePpRg==",
        "dependencies": {
          "Microsoft.Extensions.Http.Diagnostics": "10.9.0",
          "Microsoft.Extensions.Resilience": "10.9.0"
        }
      },
      "Microsoft.Extensions.Resilience": {
        "type": "Transitive",
        "resolved": "10.9.0",
        "contentHash": "LXMTKZGNzs3fsjKytTVeIEdp+yssJon7PW3VbxERZeqALA2Za/AQzt2h6K64PZ2NzgfFnX4rCJp6aTe+ocX83A==",
        "dependencies": {
          "Microsoft.Extensions.Diagnostics.ExceptionSummarization": "10.9.0",
          "Microsoft.Extensions.Telemetry.Abstractions": "10.9.0",
          "Polly.Extensions": "8.4.2",
          "Polly.RateLimiting": "8.4.2"
        }
      },
      "Microsoft.Extensions.ServiceDiscovery": {
        "type": "Transitive",
        "resolved": "10.9.0",
        "contentHash": "mg982FgqvhLI/KGIpIqpx3SEyEbV6ZQUlAo6woNbj3kcqMa5pfCp2Cx/mxxXNqQrl5qbikPBhxGxtoXlFTzh0A==",
        "dependencies": {
          "Microsoft.Extensions.ServiceDiscovery.Abstractions": "10.9.0"
        }
      },
      "Microsoft.Extensions.ServiceDiscovery.Abstractions": {
        "type": "Transitive",
        "resolved": "10.9.0",
        "contentHash": "rn+D8DCZN0jlo7exll5QyeX+SXjyBxPsD4jG0ffqANcPBEdpP3bPBChLmCoSsqe62qqta94reBdFgJHciNARZQ=="
      },
      "Microsoft.Extensions.Telemetry": {
        "type": "Transitive",
        "resolved": "10.9.0",
        "contentHash": "RpV3VzPa1YoHqvE2Q4uOuVjioVJhLOhaz4FXIE3XAEvla4qujnM+wFB7QnTAmIJxlg7lbBslkIHJQzpI8yHDQQ==",
        "dependencies": {
          "Microsoft.Extensions.AmbientMetadata.Application": "10.9.0",
          "Microsoft.Extensions.DependencyInjection.AutoActivation": "10.9.0",
          "Microsoft.Extensions.Telemetry.Abstractions": "10.9.0"
        }
      },
      "Microsoft.Extensions.Telemetry.Abstractions": {
        "type": "Transitive",
        "resolved": "10.9.0",
        "contentHash": "rCyM64XvBNi2IY/5noMVsJjt22zVmnI+8tGrb6JnPRW/75Nyv9Hi+7gkxb7zQcR0+2mzS1sAqPXz2PsdHZCqHg==",
        "dependencies": {
          "Microsoft.Extensions.Compliance.Abstractions": "10.9.0"
        }
      },
      "Microsoft.IO.RecyclableMemoryStream": {
        "type": "Transitive",
        "resolved": "3.0.1",
        "contentHash": "s/s20YTVY9r9TPfTrN5g8zPF1YhwxyqO6PxUkrYTGI2B+OGPe9AdajWZrLhFqXIvqIW23fnUE4+ztrUWNU1+9g=="
      },
      "Microsoft.NET.StringTools": {
        "type": "Transitive",
        "resolved": "17.6.3",
        "contentHash": "N0ZIanl1QCgvUumEL1laasU0a7sOE5ZwLZVTn0pAePnfhq8P7SvTjF8Axq+CnavuQkmdQpGNXQ1efZtu5kDFbA=="
      },
      "Microsoft.SourceLink.Common": {
        "type": "Transitive",
        "resolved": "10.0.400",
        "contentHash": "Knli3Y2k/rdBqUlQ8TP+Sbd0J0jV/0kvgLsxieowoVayioZ0JGfqb9go+/dQJqtU53i6IpZzRxAPxbBT5UJBNg=="
      },
      "Open.ChannelExtensions": {
        "type": "Transitive",
        "resolved": "10.0.0",
        "contentHash": "1g+8OIGZaCb2FQie4kWpuCboKk7tjxnGHR5Mw+zvVSSi8JRN33in1YN+cZB4Og0uYnj23W3ZMUgiX7uDe7qAQw=="
      },
      "OpenTelemetry": {
        "type": "Transitive",
        "resolved": "1.17.0",
        "contentHash": "rMLOTftlMlTm7+MSrvXDHnJRjVkROFNKXHZrYjOsX+LankaFG7QSflx7qRRGjoqZoirohnxmJQ7GEb9occO4Gg==",
        "dependencies": {
          "OpenTelemetry.Api.ProviderBuilderExtensions": "1.17.0"
        }
      },
      "OpenTelemetry.Api": {
        "type": "Transitive",
        "resolved": "1.17.0",
        "contentHash": "mSBxzomZgHIJu9CyVNqyDu/n2JHEtqVgfcCD1Br0cV5iLYogjZOMqhlVLt99PEp+0KGBNUR3GXgeOdN2GR3F9g=="
      },
      "OpenTelemetry.Api.ProviderBuilderExtensions": {
        "type": "Transitive",
        "resolved": "1.17.0",
        "contentHash": "Xgc3Qf9B9TFMFpx6exTdGqMWuYIT2miNzkdMPutVvT9YuMFaEovXWke1Gb6z8NxYaQbbGF38vYLuSg1JCeui5Q==",
        "dependencies": {
          "OpenTelemetry.Api": "1.17.0"
        }
      },
      "OpenTelemetry.Exporter.OpenTelemetryProtocol": {
        "type": "Transitive",
        "resolved": "1.17.0",
        "contentHash": "R1omQOrQpGlS0Cp5UIr/TAiuEA48JrPlgr1NPV5gESiTU7HhWU+ILe2EBSYb1fKdsSavZ7nZkHcUxAzofPqr2A==",
        "dependencies": {
          "OpenTelemetry": "1.17.0"
        }
      },
      "OpenTelemetry.Extensions.Hosting": {
        "type": "Transitive",
        "resolved": "1.17.0",
        "contentHash": "t1OwL/4qgboGMobYVT+UV5zgWnFqCp4Pw8lcsmzh8m2K8PQsTKkyxrC32tqYTMYny3GOW4q5cltE3dTVzLmRew==",
        "dependencies": {
          "OpenTelemetry": "1.17.0"
        }
      },
      "OpenTelemetry.Instrumentation.AspNetCore": {
        "type": "Transitive",
        "resolved": "1.17.0",
        "contentHash": "rGbmk1vuy1kvgZmE0ps7Vb99YZvDap6AalrrF60FwnNit1uW/PbeFZj1cpb0T8MPkYmjhBrRJ1/JB6QqXkRjHA==",
        "dependencies": {
          "OpenTelemetry.Api.ProviderBuilderExtensions": "[1.17.0, 2.0.0)"
        }
      },
      "OpenTelemetry.Instrumentation.EventCounters": {
        "type": "Transitive",
        "resolved": "1.17.0-alpha.1",
        "contentHash": "SCwnJfBRhE6ehCholMenZLvdOVWkDQ4fWq4n2GKbx2sUUwDCHidbs8eOywUDPJTmaz8sljiUDq/JPuf9MLnJbQ==",
        "dependencies": {
          "OpenTelemetry.Api": "[1.17.0, 2.0.0)"
        }
      },
      "OpenTelemetry.Instrumentation.Http": {
        "type": "Transitive",
        "resolved": "1.17.0",
        "contentHash": "uTwVtxIJ/xB96wGYTaDsbkJVeCFdUxTwvrlDUn2YJixy0UuKc8DvQMzwKNJMTzNFiiyYO9c40id6tUHTmWs33A==",
        "dependencies": {
          "OpenTelemetry.Api.ProviderBuilderExtensions": "[1.17.0, 2.0.0)"
        }
      },
      "OpenTelemetry.Instrumentation.Runtime": {
        "type": "Transitive",
        "resolved": "1.17.0",
        "contentHash": "HyYenisDn/xdtyVXdjImsCl+RNC2gq01N0rvSR7tsYAylXR2sxX/YgMsyTajMXA27+r1vB7lNU8cWRhV0fwL+Q==",
        "dependencies": {
          "OpenTelemetry.Api": "[1.17.0, 2.0.0)"
        }
      },
      "Pipelines.Sockets.Unofficial": {
        "type": "Transitive",
        "resolved": "2.2.16",
        "contentHash": "nonu9l0YrZH6krVYbskBjE7uG0VMAnvOQ9PU+RmzUsy+++vHkqzzCkHRoP877OiA3iRTxJyNDLfpcU8hrJ3/YQ=="
      },
      "Polly.Core": {
        "type": "Transitive",
        "resolved": "8.4.2",
        "contentHash": "BpE2I6HBYYA5tF0Vn4eoQOGYTYIK1BlF5EXVgkWGn3mqUUjbXAr13J6fZVbp7Q3epRR8yshacBMlsHMhpOiV3g=="
      },
      "Polly.Extensions": {
        "type": "Transitive",
        "resolved": "8.4.2",
        "contentHash": "GZ9vRVmR0jV2JtZavt+pGUsQ1O1cuRKG7R7VOZI6ZDy9y6RNPvRvXK1tuS4ffUrv8L0FTea59oEuQzgS0R7zSA==",
        "dependencies": {
          "Polly.Core": "8.4.2"
        }
      },
      "Polly.RateLimiting": {
        "type": "Transitive",
        "resolved": "8.4.2",
        "contentHash": "ehTImQ/eUyO07VYW2WvwSmU9rRH200SKJ/3jku9rOkyWE0A2JxNFmAVms8dSn49QLSjmjFRRSgfNyOgr/2PSmA==",
        "dependencies": {
          "Polly.Core": "8.4.2"
        }
      },
      "SkiaSharp.NativeAssets.macOS": {
        "type": "Transitive",
        "resolved": "4.151.1",
        "contentHash": "nLXwdhi0oB7pqqNLbSOLX+FIZQOMAU/yFPspzcDTJjTmPbMWyp0JWyeVj8sFJ/cweurEfT0J/lvfgdXX2EFHXA=="
      },
      "SkiaSharp.NativeAssets.Win32": {
        "type": "Transitive",
        "resolved": "4.151.1",
        "contentHash": "G+nln30ZX2ZuhH+ungf6x/QMXCje38KTS0VTfQeMyeY8uyMBmsZwFz2D30ZxUjZqsVbEIcaC2bsYF65876s4Yg=="
      },
      "StackExchange.Redis": {
        "type": "Transitive",
        "resolved": "2.13.1",
        "contentHash": "jC5wkRe8K6HPoDENUws+fl2d7+GKz+ky8SWEDzYzPx6hHt2EwxWm01gmYPWLzlT49jfYYap0guB5bExtyX9aIQ==",
        "dependencies": {
          "Pipelines.Sockets.Unofficial": "2.2.16",
          "System.IO.Hashing": "10.0.2"
        }
      },
      "System.IO.Hashing": {
        "type": "Transitive",
        "resolved": "10.0.11",
        "contentHash": "OzKDcIRkeNJeC8qAsbn8yJXnfTLP1dtkWILe+T56Gf/z+IkAASi7sMqLqJQat08j5z/mRN5xVtoAwbkMNMoBUQ=="
      },
      "Ulid": {
        "type": "Transitive",
        "resolved": "1.4.1",
        "contentHash": "V6crLJ8a29raWeNwxYGfH9RTKA3H0nR0D9LAGzN3KtEsbiiaWkUjDor6OT5Oz7pxCK+NaY2hu2FLoYEOa8oCkA=="
      },
      "wadio.extensions.cloudflareapi": {
        "type": "Project",
        "dependencies": {
          "ESCd.Extensions.Http": "[1.1.13, )",
          "Microsoft.Extensions.Http.Resilience": "[10.9.0, )"
        }
      },
      "wadio.extensions.icecast": {
        "type": "Project",
        "dependencies": {
          "Microsoft.Extensions.Http.Resilience": "[10.9.0, )"
        }
      },
      "wadio.extensions.radiobrowser": {
        "type": "Project",
        "dependencies": {
          "ESCd.Extensions.Http": "[1.1.13, )",
          "Microsoft.Extensions.Caching.Hybrid": "[10.9.0, )",
          "Microsoft.Extensions.Http.Resilience": "[10.9.0, )",
          "Open.ChannelExtensions": "[10.0.0, )"
        }
      },
      "wadio.platform.abstractions": {
        "type": "Project"
      },
      "wadio.platform.api.abstractions": {
        "type": "Project",
        "dependencies": {
          "Wadio.Platform.Abstractions": "[1.0.0, )"
        }
      },
      "wadio.platform.hosting": {
        "type": "Project",
        "dependencies": {
          "AspNetCore.HealthChecks.ApplicationStatus": "[9.0.0, )",
          "Microsoft.Extensions.Http.Resilience": "[10.9.0, )",
          "Microsoft.Extensions.ServiceDiscovery": "[10.9.0, )",
          "OpenTelemetry.Exporter.OpenTelemetryProtocol": "[1.17.0, )",
          "OpenTelemetry.Extensions.Hosting": "[1.17.0, )",
          "OpenTelemetry.Instrumentation.AspNetCore": "[1.17.0, )",
          "OpenTelemetry.Instrumentation.EventCounters": "[1.17.0-alpha.1, )",
          "OpenTelemetry.Instrumentation.Http": "[1.17.0, )",
          "OpenTelemetry.Instrumentation.Runtime": "[1.17.0, )",
          "Wadio.Platform.Abstractions": "[1.0.0, )"
        }
      },
      "wadio.platform.sampler.abstractions": {
        "type": "Project",
        "dependencies": {
          "Ulid": "[1.4.1, )"
        }
      },
      "wadio.platform.sampler.client": {
        "type": "Project",
        "dependencies": {
          "ESCd.Extensions.Http": "[1.1.13, )",
          "Microsoft.Extensions.Http.Resilience": "[10.9.0, )",
          "Open.ChannelExtensions": "[10.0.0, )",
          "Wadio.Platform.Abstractions": "[1.0.0, )",
          "Wadio.Platform.Sampler.Abstractions": "[1.0.0, )"
        }
      }
    },
    "net10.0/linux-x64": {
      "SkiaSharp.NativeAssets.Linux": {
        "type": "Direct",
        "requested": "[4.151.1, )",
        "resolved": "4.151.1",
        "contentHash": "4FM5fSV6W3nMOeawrxkgu3sf3uWUfQEizZ+ww6kcByf9XERiSbZftf5dyJxOUFDLcrtj9aslN2Jb7uZsO/lfWw=="
      },
      "SkiaSharp.NativeAssets.macOS": {
        "type": "Transitive",
        "resolved": "4.151.1",
        "contentHash": "nLXwdhi0oB7pqqNLbSOLX+FIZQOMAU/yFPspzcDTJjTmPbMWyp0JWyeVj8sFJ/cweurEfT0J/lvfgdXX2EFHXA=="
      },
      "SkiaSharp.NativeAssets.Win32": {
        "type": "Transitive",
        "resolved": "4.151.1",
        "contentHash": "G+nln30ZX2ZuhH+ungf6x/QMXCje38KTS0VTfQeMyeY8uyMBmsZwFz2D30ZxUjZqsVbEIcaC2bsYF65876s4Yg=="
      }
    },
    "net10.0/osx-arm64": {
      "SkiaSharp.NativeAssets.Linux": {
        "type": "Direct",
        "requested": "[4.151.1, )",
        "resolved": "4.151.1",
        "contentHash": "4FM5fSV6W3nMOeawrxkgu3sf3uWUfQEizZ+ww6kcByf9XERiSbZftf5dyJxOUFDLcrtj9aslN2Jb7uZsO/lfWw=="
      },
      "SkiaSharp.NativeAssets.macOS": {
        "type": "Transitive",
        "resolved": "4.151.1",
        "contentHash": "nLXwdhi0oB7pqqNLbSOLX+FIZQOMAU/yFPspzcDTJjTmPbMWyp0JWyeVj8sFJ/cweurEfT0J/lvfgdXX2EFHXA=="
      },
      "SkiaSharp.NativeAssets.Win32": {
        "type": "Transitive",
        "resolved": "4.151.1",
        "contentHash": "G+nln30ZX2ZuhH+ungf6x/QMXCje38KTS0VTfQeMyeY8uyMBmsZwFz2D30ZxUjZqsVbEIcaC2bsYF65876s4Yg=="
      }
    },
    "net10.0/win-x64": {
      "SkiaSharp.NativeAssets.Linux": {
        "type": "Direct",
        "requested": "[4.151.1, )",
        "resolved": "4.151.1",
        "contentHash": "4FM5fSV6W3nMOeawrxkgu3sf3uWUfQEizZ+ww6kcByf9XERiSbZftf5dyJxOUFDLcrtj9aslN2Jb7uZsO/lfWw=="
      },
      "SkiaSharp.NativeAssets.macOS": {
        "type": "Transitive",
        "resolved": "4.151.1",
        "contentHash": "nLXwdhi0oB7pqqNLbSOLX+FIZQOMAU/yFPspzcDTJjTmPbMWyp0JWyeVj8sFJ/cweurEfT0J/lvfgdXX2EFHXA=="
      },
      "SkiaSharp.NativeAssets.Win32": {
        "type": "Transitive",
        "resolved": "4.151.1",
        "contentHash": "G+nln30ZX2ZuhH+ungf6x/QMXCje38KTS0VTfQeMyeY8uyMBmsZwFz2D30ZxUjZqsVbEIcaC2bsYF65876s4Yg=="
      }
    }
  }
}