{
  "version": 1,
  "dependencies": {
    "net9.0": {
      "ESCd.Extensions.Caching": {
        "type": "Direct",
        "requested": "[1.2.0, )",
        "resolved": "1.2.0",
        "contentHash": "zlvmuOaS5u1oSNHivQ2v36KfbgugyZNzrmpiaTP/a6nikMN0Fq1elomgmtUm8Krhp+QHkmAvGd1Zg2Lxh3BHLg==",
        "dependencies": {
          "Microsoft.Extensions.Caching.Memory": "9.0.11"
        }
      },
      "ESCd.Extensions.Http": {
        "type": "Direct",
        "requested": "[1.1.0, )",
        "resolved": "1.1.0",
        "contentHash": "ZJl66cdI7oOC/CubtbzcEtnsBlAEG5DASWPz4SBOVZbm/2iitgXx9aCFQ9Vi6tu3xba5BLJn7VbIwuhrZbvyqQ==",
        "dependencies": {
          "Microsoft.Extensions.Http": "9.0.11",
          "Microsoft.Extensions.ObjectPool": "9.0.11",
          "Microsoft.IO.RecyclableMemoryStream": "3.0.1"
        }
      },
      "Microsoft.Extensions.Http.Resilience": {
        "type": "Direct",
        "requested": "[9.10.0, )",
        "resolved": "9.10.0",
        "contentHash": "4Bt58q+Oqpj4VYm3T7hcmsb1zVhmUTNNggDkjlWBIv3bv6MVRPGqIokK2tRHsD8bM4i3GkJLRWe8lQwbsWS6PQ==",
        "dependencies": {
          "Microsoft.Extensions.Http.Diagnostics": "9.10.0",
          "Microsoft.Extensions.ObjectPool": "9.0.10",
          "Microsoft.Extensions.Resilience": "9.10.0"
        }
      },
      "Microsoft.SourceLink.GitHub": {
        "type": "Direct",
        "requested": "[8.0.0, )",
        "resolved": "8.0.0",
        "contentHash": "G5q7OqtwIyGTkeIOAc3u2ZuV/kicQaec5EaRnc0pIeSnh9LUjj+PYQrJYBURvDt7twGl2PKA7nSN0kz1Zw5bnQ==",
        "dependencies": {
          "Microsoft.Build.Tasks.Git": "8.0.0",
          "Microsoft.SourceLink.Common": "8.0.0"
        }
      },
      "MinVer": {
        "type": "Direct",
        "requested": "[6.0.0, )",
        "resolved": "6.0.0",
        "contentHash": "+/SsmiySsXJlvQLCGBqaZKNVt3s/Y/HbAdwtop7Km2CnuZbaScoqkWJEBQ5Cy9ebkn6kCYKrHsXgwrFdTgcb3g=="
      },
      "Open.ChannelExtensions": {
        "type": "Direct",
        "requested": "[9.1.1, )",
        "resolved": "9.1.1",
        "contentHash": "1e6TDAJrtAOhjU9gYqeuX2oPdGdXlars3Wum6fuAOYsCyF+LvB3xTm/xB/PFjA00Mom267qpUQkGKXp0nvO6hg=="
      },
      "System.Linq.Async": {
        "type": "Direct",
        "requested": "[6.0.3, )",
        "resolved": "6.0.3",
        "contentHash": "hSHiq2m1ky7zUQgTp+/2h1K3lABIQ+GltRixoclHPg/Sc1vnfeS6g/Uy5moOVZKrZJdQiFPFZd6OobBp3tZcFg=="
      },
      "Microsoft.Build.Tasks.Git": {
        "type": "Transitive",
        "resolved": "8.0.0",
        "contentHash": "bZKfSIKJRXLTuSzLudMFte/8CempWjVamNUR5eHJizsy+iuOuO/k2gnh7W0dHJmYY0tBf+gUErfluCv5mySAOQ=="
      },
      "Microsoft.Extensions.AmbientMetadata.Application": {
        "type": "Transitive",
        "resolved": "9.10.0",
        "contentHash": "ndm/eoOzk61Csn+ojv5z3Kt7YWAdUNR8ruFaf1b69kSbeqDPoV96f1GR1OWTIrCN9bm83V8CSkhvnnG+LrLTvg==",
        "dependencies": {
          "Microsoft.Extensions.Configuration": "9.0.10",
          "Microsoft.Extensions.Hosting.Abstractions": "9.0.10",
          "Microsoft.Extensions.Options.ConfigurationExtensions": "9.0.10"
        }
      },
      "Microsoft.Extensions.Caching.Abstractions": {
        "type": "Transitive",
        "resolved": "9.0.11",
        "contentHash": "PRv1SPyrgl/ullMF6eKDuEULRkTc10fVcnWvzFhqIMDA3m5f91znKH9ZNsKZBgu4xVc4ulNt7TEXyyt0rdlB3g==",
        "dependencies": {
          "Microsoft.Extensions.Primitives": "9.0.11"
        }
      },
      "Microsoft.Extensions.Caching.Memory": {
        "type": "Transitive",
        "resolved": "9.0.11",
        "contentHash": "J77oUeVZXdMoiUiCPkL4v13KrNRuMQnSHHw78cTh/2ZidyiMFm8jhu49OUKvNydMUX8ZcuM5g8uohW18YaglMw==",
        "dependencies": {
          "Microsoft.Extensions.Caching.Abstractions": "9.0.11",
          "Microsoft.Extensions.DependencyInjection.Abstractions": "9.0.11",
          "Microsoft.Extensions.Logging.Abstractions": "9.0.11",
          "Microsoft.Extensions.Options": "9.0.11",
          "Microsoft.Extensions.Primitives": "9.0.11"
        }
      },
      "Microsoft.Extensions.Compliance.Abstractions": {
        "type": "Transitive",
        "resolved": "9.10.0",
        "contentHash": "Tgu40iIg2Kr8s+BoOhb8r8kQfcagwm1VnpnMZA9fd/sD8Hlj13cNpyCfLRrYEBP+VmfmaoficQvRNEUqH+F4mw==",
        "dependencies": {
          "Microsoft.Extensions.DependencyInjection.Abstractions": "9.0.10",
          "Microsoft.Extensions.ObjectPool": "9.0.10"
        }
      },
      "Microsoft.Extensions.Configuration": {
        "type": "Transitive",
        "resolved": "9.0.11",
        "contentHash": "4ceMQRCIMP9AxxZOQ0k+xYXCfgSEmEsnt6s0o/KkpeLqwm3kGKBbsiJlyMk56GnKJtk4SI7nTpIIzb+Qdk+FMQ==",
        "dependencies": {
          "Microsoft.Extensions.Configuration.Abstractions": "9.0.11",
          "Microsoft.Extensions.Primitives": "9.0.11"
        }
      },
      "Microsoft.Extensions.Configuration.Abstractions": {
        "type": "Transitive",
        "resolved": "9.0.11",
        "contentHash": "g23//mPpMa33QdJkLujJICoCRbiLFpiQ4XbROG9JdeDI6/sM+qZPB2t5SmUWNM8GwY8dYW3NucxlZDFe8s3NAQ==",
        "dependencies": {
          "Microsoft.Extensions.Primitives": "9.0.11"
        }
      },
      "Microsoft.Extensions.Configuration.Binder": {
        "type": "Transitive",
        "resolved": "9.0.11",
        "contentHash": "iPE1jROL5uK/6iJSRzwpEIJt6BuANN36Io+6bLss67JVjbG6DdVedrMnB9nqsxs+Lx3X9RxvARTgFsUgP0MB0g==",
        "dependencies": {
          "Microsoft.Extensions.Configuration.Abstractions": "9.0.11"
        }
      },
      "Microsoft.Extensions.DependencyInjection": {
        "type": "Transitive",
        "resolved": "9.0.11",
        "contentHash": "UquyDzvz0EneIQrrU67GJkIgynS+VD7t+RDtNv6VgKMOFrLBjldn6hzlXppGGecFMvAkMTqn4T8RYvzw7j7fQA==",
        "dependencies": {
          "Microsoft.Extensions.DependencyInjection.Abstractions": "9.0.11"
        }
      },
      "Microsoft.Extensions.DependencyInjection.Abstractions": {
        "type": "Transitive",
        "resolved": "9.0.11",
        "contentHash": "+ZxxZzcVU+IEzq12GItUzf/V3mEc5nSLiXijwvDc4zyhbjvSZZ043giSZqGnhakrjwRWjkerIHPrRwm9okEIpw=="
      },
      "Microsoft.Extensions.DependencyInjection.AutoActivation": {
        "type": "Transitive",
        "resolved": "9.10.0",
        "contentHash": "qk5+lY0MUl7Y77TjM6HzfQPOY4CqoTg281OddyDC5iU2hf+cIxhx0VbNuJH77vqB6qyCP1OsuQmCzvlpf9yxBQ==",
        "dependencies": {
          "Microsoft.Extensions.Hosting.Abstractions": "9.0.10"
        }
      },
      "Microsoft.Extensions.Diagnostics": {
        "type": "Transitive",
        "resolved": "9.0.11",
        "contentHash": "WkriTCwxW0QbIgPYXGy329wQKcS4lmstwwysCHcjok2acPd626ysPcwMpw1pSBNzkdkMsqcbcJLlpVc9kP/YiQ==",
        "dependencies": {
          "Microsoft.Extensions.Configuration": "9.0.11",
          "Microsoft.Extensions.Diagnostics.Abstractions": "9.0.11",
          "Microsoft.Extensions.Options.ConfigurationExtensions": "9.0.11"
        }
      },
      "Microsoft.Extensions.Diagnostics.Abstractions": {
        "type": "Transitive",
        "resolved": "9.0.11",
        "contentHash": "D9gu4weEmvWGuz8zp5xwsOr0ldmWphMKr7+IW66hG4rnrgpMLtTWoOINBOX5mcRTPL39+AVd3BJdc4HTvl2NrA==",
        "dependencies": {
          "Microsoft.Extensions.DependencyInjection.Abstractions": "9.0.11",
          "Microsoft.Extensions.Options": "9.0.11"
        }
      },
      "Microsoft.Extensions.Diagnostics.ExceptionSummarization": {
        "type": "Transitive",
        "resolved": "9.10.0",
        "contentHash": "SRJgt408OA/+v2o47Kjx8Wf+rbCJMmTsbsnkuzVzeP9xfcn4dIoMJXLCKiRlDNzJ3pXLYrXmkyOSY81BehoVHw==",
        "dependencies": {
          "Microsoft.Extensions.DependencyInjection.Abstractions": "9.0.10"
        }
      },
      "Microsoft.Extensions.FileProviders.Abstractions": {
        "type": "Transitive",
        "resolved": "9.0.10",
        "contentHash": "3+cLxZKUWBbpfIXLLuKcEok9C91PsV1h5xxfUsEnLSXXLNMiPDfrhpb1xajNFcejFPs9Ck/Fi3z71hYDqFBwYg==",
        "dependencies": {
          "Microsoft.Extensions.Primitives": "9.0.10"
        }
      },
      "Microsoft.Extensions.Hosting.Abstractions": {
        "type": "Transitive",
        "resolved": "9.0.10",
        "contentHash": "spfXydiEQENFwxdgr3Y57wwys/FRjfmq5VjHGPh6ct1FJK7X+qNEWYbnZJCMqq0B0oJTMvnItAReOv4mi2Idog==",
        "dependencies": {
          "Microsoft.Extensions.Configuration.Abstractions": "9.0.10",
          "Microsoft.Extensions.DependencyInjection.Abstractions": "9.0.10",
          "Microsoft.Extensions.Diagnostics.Abstractions": "9.0.10",
          "Microsoft.Extensions.FileProviders.Abstractions": "9.0.10",
          "Microsoft.Extensions.Logging.Abstractions": "9.0.10"
        }
      },
      "Microsoft.Extensions.Http": {
        "type": "Transitive",
        "resolved": "9.0.11",
        "contentHash": "QEa12ESaPAKR3M40N8dawVd+LPOgxCrGsUmC7Myfhn44AQiWh7X9PiTAagrAnJSaGqsb+yx+KRNSjrm8wx1TVQ==",
        "dependencies": {
          "Microsoft.Extensions.Configuration.Abstractions": "9.0.11",
          "Microsoft.Extensions.DependencyInjection.Abstractions": "9.0.11",
          "Microsoft.Extensions.Diagnostics": "9.0.11",
          "Microsoft.Extensions.Logging": "9.0.11",
          "Microsoft.Extensions.Logging.Abstractions": "9.0.11",
          "Microsoft.Extensions.Options": "9.0.11"
        }
      },
      "Microsoft.Extensions.Http.Diagnostics": {
        "type": "Transitive",
        "resolved": "9.10.0",
        "contentHash": "3IJjOPm4CRmv7zzjPV+RCyvS4kWJ9BNr1k/MWgRTQds6LcIhAgwh+ToZ8O4fKMFlme0EGLvTm27ARKqp468pQw==",
        "dependencies": {
          "Microsoft.Extensions.Http": "9.0.10",
          "Microsoft.Extensions.Telemetry": "9.10.0"
        }
      },
      "Microsoft.Extensions.Logging": {
        "type": "Transitive",
        "resolved": "9.0.11",
        "contentHash": "PVHYgMmMZFEE3PGpc7oZ9CnoyNonNyT5klrV9pNIzCPxL12FpQ7kNhliXAwowmtaDVBmKnG/1db6d7gqPwDj8g==",
        "dependencies": {
          "Microsoft.Extensions.DependencyInjection": "9.0.11",
          "Microsoft.Extensions.Logging.Abstractions": "9.0.11",
          "Microsoft.Extensions.Options": "9.0.11"
        }
      },
      "Microsoft.Extensions.Logging.Abstractions": {
        "type": "Transitive",
        "resolved": "9.0.11",
        "contentHash": "UKWFTDwtZQIoypyt1YPVsxTnDK+0sKn26+UeSGeNlkRQddrkt9EC6kP4g94rgO/WOZkz94bKNlF1dVZN3QfPFQ==",
        "dependencies": {
          "Microsoft.Extensions.DependencyInjection.Abstractions": "9.0.11"
        }
      },
      "Microsoft.Extensions.Logging.Configuration": {
        "type": "Transitive",
        "resolved": "9.0.10",
        "contentHash": "qwTRpxrmLOXZrbgQHRZ9wS2AtVa/61DFIYk8k1rBCCgA5qW0MBxxQC4BjkaI0wSoHHOv/IUXBeFNK+Y59qe/Ug==",
        "dependencies": {
          "Microsoft.Extensions.Configuration": "9.0.10",
          "Microsoft.Extensions.Configuration.Abstractions": "9.0.10",
          "Microsoft.Extensions.Configuration.Binder": "9.0.10",
          "Microsoft.Extensions.DependencyInjection.Abstractions": "9.0.10",
          "Microsoft.Extensions.Logging": "9.0.10",
          "Microsoft.Extensions.Logging.Abstractions": "9.0.10",
          "Microsoft.Extensions.Options": "9.0.10",
          "Microsoft.Extensions.Options.ConfigurationExtensions": "9.0.10"
        }
      },
      "Microsoft.Extensions.ObjectPool": {
        "type": "Transitive",
        "resolved": "9.0.11",
        "contentHash": "J8ELXq8vUm/snm2I6NlOleyhhLovHs5hLjT551Fx/qeIViixnLMj4FSRDRKA9MYZXqXFoj/+VOJPmrN5LHi3wg=="
      },
      "Microsoft.Extensions.Options": {
        "type": "Transitive",
        "resolved": "9.0.11",
        "contentHash": "HX4M3BLkW1dtByMKHDVq6r7Jy6e4hf8NDzHpIgz7C8BtYk9JQHhfYX5c1UheQTD5Veg1yBhz/cD9C8vtrGrk9w==",
        "dependencies": {
          "Microsoft.Extensions.DependencyInjection.Abstractions": "9.0.11",
          "Microsoft.Extensions.Primitives": "9.0.11"
        }
      },
      "Microsoft.Extensions.Options.ConfigurationExtensions": {
        "type": "Transitive",
        "resolved": "9.0.11",
        "contentHash": "HUzr4c1eMXCQN8Yre2JdCzYmLJAecFGVXfByVhjEY4jBaHIs8EAxdv72WMUa2GcROlkYPbYNzMbcqJPMiznHxw==",
        "dependencies": {
          "Microsoft.Extensions.Configuration.Abstractions": "9.0.11",
          "Microsoft.Extensions.Configuration.Binder": "9.0.11",
          "Microsoft.Extensions.DependencyInjection.Abstractions": "9.0.11",
          "Microsoft.Extensions.Options": "9.0.11",
          "Microsoft.Extensions.Primitives": "9.0.11"
        }
      },
      "Microsoft.Extensions.Primitives": {
        "type": "Transitive",
        "resolved": "9.0.11",
        "contentHash": "rtUNSIhbQTv8iSBTFvtg2b/ZUkoqC9qAH9DdC2hr+xPpoZrxiCITci9UR/ELUGUGnGUrF8Xye+tGVRhCxE+4LA=="
      },
      "Microsoft.Extensions.Resilience": {
        "type": "Transitive",
        "resolved": "9.10.0",
        "contentHash": "tNptjYbHq73emZok4HBbpV41Afwoclga5LaKux8RV27lOA2lyQxeJFKNTWYQauJmWxxwXmwG7bgitbnIDh4eXA==",
        "dependencies": {
          "Microsoft.Extensions.Diagnostics": "9.0.10",
          "Microsoft.Extensions.Diagnostics.ExceptionSummarization": "9.10.0",
          "Microsoft.Extensions.Options.ConfigurationExtensions": "9.0.10",
          "Microsoft.Extensions.Telemetry.Abstractions": "9.10.0",
          "Polly.Extensions": "8.4.2",
          "Polly.RateLimiting": "8.4.2"
        }
      },
      "Microsoft.Extensions.Telemetry": {
        "type": "Transitive",
        "resolved": "9.10.0",
        "contentHash": "FGEOTEjMB+1T69PLp5GrG4UOsIjcdNQcoiXpC+KV9NRejl6vSMLhVqQ6g6c+cxLXzx8xc2J90GAMhD1wPHjKHg==",
        "dependencies": {
          "Microsoft.Extensions.AmbientMetadata.Application": "9.10.0",
          "Microsoft.Extensions.DependencyInjection.AutoActivation": "9.10.0",
          "Microsoft.Extensions.Logging.Configuration": "9.0.10",
          "Microsoft.Extensions.ObjectPool": "9.0.10",
          "Microsoft.Extensions.Telemetry.Abstractions": "9.10.0"
        }
      },
      "Microsoft.Extensions.Telemetry.Abstractions": {
        "type": "Transitive",
        "resolved": "9.10.0",
        "contentHash": "hJflG5if8NqElmybxXDf38d4EPopOo9H+Qg6l5LKTsavqE4CFdA5DIPb9+jjAeL22FN+rs6KuuEIuBPS4PNXvw==",
        "dependencies": {
          "Microsoft.Extensions.Compliance.Abstractions": "9.10.0",
          "Microsoft.Extensions.Logging.Abstractions": "9.0.10",
          "Microsoft.Extensions.ObjectPool": "9.0.10",
          "Microsoft.Extensions.Options": "9.0.10"
        }
      },
      "Microsoft.IO.RecyclableMemoryStream": {
        "type": "Transitive",
        "resolved": "3.0.1",
        "contentHash": "s/s20YTVY9r9TPfTrN5g8zPF1YhwxyqO6PxUkrYTGI2B+OGPe9AdajWZrLhFqXIvqIW23fnUE4+ztrUWNU1+9g=="
      },
      "Microsoft.SourceLink.Common": {
        "type": "Transitive",
        "resolved": "8.0.0",
        "contentHash": "dk9JPxTCIevS75HyEQ0E4OVAFhB2N+V9ShCXf8Q6FkUQZDkgLI12y679Nym1YqsiSysuQskT7Z+6nUf3yab6Vw=="
      },
      "Polly.Core": {
        "type": "Transitive",
        "resolved": "8.4.2",
        "contentHash": "BpE2I6HBYYA5tF0Vn4eoQOGYTYIK1BlF5EXVgkWGn3mqUUjbXAr13J6fZVbp7Q3epRR8yshacBMlsHMhpOiV3g=="
      },
      "Polly.Extensions": {
        "type": "Transitive",
        "resolved": "8.4.2",
        "contentHash": "GZ9vRVmR0jV2JtZavt+pGUsQ1O1cuRKG7R7VOZI6ZDy9y6RNPvRvXK1tuS4ffUrv8L0FTea59oEuQzgS0R7zSA==",
        "dependencies": {
          "Microsoft.Extensions.Logging.Abstractions": "8.0.0",
          "Microsoft.Extensions.Options": "8.0.0",
          "Polly.Core": "8.4.2"
        }
      },
      "Polly.RateLimiting": {
        "type": "Transitive",
        "resolved": "8.4.2",
        "contentHash": "ehTImQ/eUyO07VYW2WvwSmU9rRH200SKJ/3jku9rOkyWE0A2JxNFmAVms8dSn49QLSjmjFRRSgfNyOgr/2PSmA==",
        "dependencies": {
          "Polly.Core": "8.4.2",
          "System.Threading.RateLimiting": "8.0.0"
        }
      },
      "System.Threading.RateLimiting": {
        "type": "Transitive",
        "resolved": "8.0.0",
        "contentHash": "7mu9v0QDv66ar3DpGSZHg9NuNcxDaaAcnMULuZlaTpP9+hwXhrxNGsF5GmLkSHxFdb5bBc1TzeujsRgTrPWi+Q=="
      }
    }
  }
}